// !$*UTF8*$!
{
	archiveVersion = 1;
	classes = {
	};
	objectVersion = 56;
	objects = {

/* Begin PBXBuildFile section */
		D7F13FBC2A6460B7002D875D /* Song+Section+Line.swift in Sources */ = {isa = PBXBuildFile; fileRef = D7F13F852A6460B7002D875D /* Song+Section+Line.swift */; };
		D7F13FBD2A6460B7002D875D /* Song.swift in Sources */ = {isa = PBXBuildFile; fileRef = D7F13F862A6460B7002D875D /* Song.swift */; };
		D7F13FBE2A6460B7002D875D /* Song+Chord.swift in Sources */ = {isa = PBXBuildFile; fileRef = D7F13F872A6460B7002D875D /* Song+Chord.swift */; };
		D7F13FBF2A6460B7002D875D /* Song+Render.swift in Sources */ = {isa = PBXBuildFile; fileRef = D7F13F882A6460B7002D875D /* Song+Render.swift */; };
		D7F13FC02A6460B7002D875D /* Song+Section.swift in Sources */ = {isa = PBXBuildFile; fileRef = D7F13F892A6460B7002D875D /* Song+Section.swift */; };
		D7F13FC12A6460B7002D875D /* Song+Section+Line+Part.swift in Sources */ = {isa = PBXBuildFile; fileRef = D7F13F8A2A6460B7002D875D /* Song+Section+Line+Part.swift */; };
		D7F13FC22A6460B7002D875D /* Song+Section+Line+Grid.swift in Sources */ = {isa = PBXBuildFile; fileRef = D7F13F8B2A6460B7002D875D /* Song+Section+Line+Grid.swift */; };
		D7F13FC32A6460B7002D875D /* ExportSong+render.swift in Sources */ = {isa = PBXBuildFile; fileRef = D7F13F8D2A6460B7002D875D /* ExportSong+render.swift */; };
		D7F13FC42A6460B7002D875D /* ExportDocument.swift in Sources */ = {isa = PBXBuildFile; fileRef = D7F13F8E2A6460B7002D875D /* ExportDocument.swift */; };
		D7F13FC52A6460B7002D875D /* ExportSong.swift in Sources */ = {isa = PBXBuildFile; fileRef = D7F13F8F2A6460B7002D875D /* ExportSong.swift */; };
		D7F13FC62A6460B7002D875D /* WindowManagement (macOS).swift in Sources */ = {isa = PBXBuildFile; fileRef = D7F13F912A6460B7002D875D /* WindowManagement (macOS).swift */; platformFilters = (macos, ); };
		D7F13FC72A6460B7002D875D /* FileBrowser (macOS).swift in Sources */ = {isa = PBXBuildFile; fileRef = D7F13F922A6460B7002D875D /* FileBrowser (macOS).swift */; platformFilters = (macos, ); };
		D7F13FC82A6460B7002D875D /* FileBrowserView (macOS).swift in Sources */ = {isa = PBXBuildFile; fileRef = D7F13F942A6460B7002D875D /* FileBrowserView (macOS).swift */; platformFilters = (macos, ); };
		D7F13FCB2A6460B7002D875D /* Credits.html in Resources */ = {isa = PBXBuildFile; fileRef = D7F13F992A6460B7002D875D /* Credits.html */; platformFilters = (macos, ); };
		D7F13FCD2A6460B7002D875D /* ChordProviderApp.swift in Sources */ = {isa = PBXBuildFile; fileRef = D7F13F9C2A6460B7002D875D /* ChordProviderApp.swift */; };
		D7F13FCE2A6460B7002D875D /* ChordProDocument.swift in Sources */ = {isa = PBXBuildFile; fileRef = D7F13F9D2A6460B7002D875D /* ChordProDocument.swift */; };
		D7F13FCF2A6460B7002D875D /* Assets.xcassets in Resources */ = {isa = PBXBuildFile; fileRef = D7F13F9E2A6460B7002D875D /* Assets.xcassets */; };
		D7F13FD02A6460B7002D875D /* SceneState.swift in Sources */ = {isa = PBXBuildFile; fileRef = D7F13F9F2A6460B7002D875D /* SceneState.swift */; };
		D7F13FD12A6460B7002D875D /* Aliasses.swift in Sources */ = {isa = PBXBuildFile; fileRef = D7F13FA02A6460B7002D875D /* Aliasses.swift */; };
		D7F13FD22A6460B7002D875D /* Debouncer.swift in Sources */ = {isa = PBXBuildFile; fileRef = D7F13FA12A6460B7002D875D /* Debouncer.swift */; };
		D7F13FD32A6460B7002D875D /* ChordPro.swift in Sources */ = {isa = PBXBuildFile; fileRef = D7F13FA32A6460B7002D875D /* ChordPro.swift */; };
		D7F13FD42A6460B7002D875D /* ChordPro+Directive+extension.swift in Sources */ = {isa = PBXBuildFile; fileRef = D7F13FA42A6460B7002D875D /* ChordPro+Directive+extension.swift */; };
		D7F13FD52A6460B7002D875D /* ChordPro+Environment.swift in Sources */ = {isa = PBXBuildFile; fileRef = D7F13FA52A6460B7002D875D /* ChordPro+Environment.swift */; };
		D7F13FD62A6460B7002D875D /* ChordPro+Regex.swift in Sources */ = {isa = PBXBuildFile; fileRef = D7F13FA62A6460B7002D875D /* ChordPro+Regex.swift */; };
		D7F13FD72A6460B7002D875D /* ChordPro+Directive.swift in Sources */ = {isa = PBXBuildFile; fileRef = D7F13FA72A6460B7002D875D /* ChordPro+Directive.swift */; };
		D7F13FD82A6460B7002D875D /* LaunchScreen (iPadOS).storyboard in Resources */ = {isa = PBXBuildFile; fileRef = D7F13FA92A6460B7002D875D /* LaunchScreen (iPadOS).storyboard */; platformFilter = ios; };
		D7F13FDA2A6460B7002D875D /* ShareSongView.swift in Sources */ = {isa = PBXBuildFile; fileRef = D7F13FAC2A6460B7002D875D /* ShareSongView.swift */; };
		D7F13FDB2A6460B7002D875D /* ToolbarView.swift in Sources */ = {isa = PBXBuildFile; fileRef = D7F13FAD2A6460B7002D875D /* ToolbarView.swift */; };
		D7F13FDC2A6460B7002D875D /* EditorView+EditorButton.swift in Sources */ = {isa = PBXBuildFile; fileRef = D7F13FAF2A6460B7002D875D /* EditorView+EditorButton.swift */; };
		D7F13FDD2A6460B7002D875D /* EditorView+rules.swift in Sources */ = {isa = PBXBuildFile; fileRef = D7F13FB02A6460B7002D875D /* EditorView+rules.swift */; };
		D7F13FDE2A6460B7002D875D /* EditorView+regex.swift in Sources */ = {isa = PBXBuildFile; fileRef = D7F13FB12A6460B7002D875D /* EditorView+regex.swift */; };
		D7F13FDF2A6460B7002D875D /* EditorView.swift in Sources */ = {isa = PBXBuildFile; fileRef = D7F13FB22A6460B7002D875D /* EditorView.swift */; };
		D7F13FE02A6460B7002D875D /* EditorView+format.swift in Sources */ = {isa = PBXBuildFile; fileRef = D7F13FB32A6460B7002D875D /* EditorView+format.swift */; };
		D7F13FE12A6460B7002D875D /* HeaderView.swift in Sources */ = {isa = PBXBuildFile; fileRef = D7F13FB42A6460B7002D875D /* HeaderView.swift */; };
		D7F13FE22A6460B7002D875D /* MainView.swift in Sources */ = {isa = PBXBuildFile; fileRef = D7F13FB52A6460B7002D875D /* MainView.swift */; };
		D7F13FE32A6460B7002D875D /* PrintSongView.swift in Sources */ = {isa = PBXBuildFile; fileRef = D7F13FB62A6460B7002D875D /* PrintSongView.swift */; };
		D7F13FE42A6460B7002D875D /* ChordsView.swift in Sources */ = {isa = PBXBuildFile; fileRef = D7F13FB72A6460B7002D875D /* ChordsView.swift */; };
		D7F13FE52A6460B7002D875D /* SongView.swift in Sources */ = {isa = PBXBuildFile; fileRef = D7F13FB82A6460B7002D875D /* SongView.swift */; };
		D7F13FE62A6460B7002D875D /* ContentView.swift in Sources */ = {isa = PBXBuildFile; fileRef = D7F13FB92A6460B7002D875D /* ContentView.swift */; };
		D7F13FE72A6460B7002D875D /* ExportSongView.swift in Sources */ = {isa = PBXBuildFile; fileRef = D7F13FBA2A6460B7002D875D /* ExportSongView.swift */; };
		D7F13FE82A6460B7002D875D /* AudioPlayerView.swift in Sources */ = {isa = PBXBuildFile; fileRef = D7F13FBB2A6460B7002D875D /* AudioPlayerView.swift */; };
		D7F13FEB2A646106002D875D /* SwiftlyChordUtilities in Frameworks */ = {isa = PBXBuildFile; productRef = D7F13FEA2A646106002D875D /* SwiftlyChordUtilities */; };
		D7F13FEE2A646110002D875D /* SwiftlyFolderUtilities in Frameworks */ = {isa = PBXBuildFile; platformFilters = (macos, ); productRef = D7F13FED2A646110002D875D /* SwiftlyFolderUtilities */; };
		D7F13FF12A646129002D875D /* HighlightedTextEditor in Frameworks */ = {isa = PBXBuildFile; productRef = D7F13FF02A646129002D875D /* HighlightedTextEditor */; };
		D7F13FF92A646356002D875D /* Quartz.framework in Frameworks */ = {isa = PBXBuildFile; fileRef = D7F13FF82A646356002D875D /* Quartz.framework */; platformFilters = (macos, ); };
		D7F140062A646356002D875D /* QLExtension (macOS).appex in Embed Foundation Extensions */ = {isa = PBXBuildFile; fileRef = D7F13FF62A646356002D875D /* QLExtension (macOS).appex */; platformFilters = (macos, ); settings = {ATTRIBUTES = (RemoveHeadersOnCopy, ); }; };
		D7F1400B2A646439002D875D /* PreviewProvider.swift in Sources */ = {isa = PBXBuildFile; fileRef = D7F13F972A6460B7002D875D /* PreviewProvider.swift */; };
		D7F1400C2A64646E002D875D /* ChordPro+Regex.swift in Sources */ = {isa = PBXBuildFile; fileRef = D7F13FA62A6460B7002D875D /* ChordPro+Regex.swift */; };
		D7F1400D2A64646E002D875D /* ChordPro+Directive.swift in Sources */ = {isa = PBXBuildFile; fileRef = D7F13FA72A6460B7002D875D /* ChordPro+Directive.swift */; };
		D7F1400E2A64646E002D875D /* ChordPro+Directive+extension.swift in Sources */ = {isa = PBXBuildFile; fileRef = D7F13FA42A6460B7002D875D /* ChordPro+Directive+extension.swift */; };
		D7F1400F2A64646E002D875D /* ChordPro.swift in Sources */ = {isa = PBXBuildFile; fileRef = D7F13FA32A6460B7002D875D /* ChordPro.swift */; };
		D7F140102A64646E002D875D /* ChordPro+Environment.swift in Sources */ = {isa = PBXBuildFile; fileRef = D7F13FA52A6460B7002D875D /* ChordPro+Environment.swift */; };
		D7F140112A64647D002D875D /* Song+Chord.swift in Sources */ = {isa = PBXBuildFile; fileRef = D7F13F872A6460B7002D875D /* Song+Chord.swift */; };
		D7F140122A64647D002D875D /* Song+Render.swift in Sources */ = {isa = PBXBuildFile; fileRef = D7F13F882A6460B7002D875D /* Song+Render.swift */; };
		D7F140132A64647D002D875D /* Song.swift in Sources */ = {isa = PBXBuildFile; fileRef = D7F13F862A6460B7002D875D /* Song.swift */; };
		D7F140142A64647D002D875D /* Song+Section.swift in Sources */ = {isa = PBXBuildFile; fileRef = D7F13F892A6460B7002D875D /* Song+Section.swift */; };
		D7F140152A64647D002D875D /* Song+Section+Line+Part.swift in Sources */ = {isa = PBXBuildFile; fileRef = D7F13F8A2A6460B7002D875D /* Song+Section+Line+Part.swift */; };
		D7F140162A64647D002D875D /* Song+Section+Line+Grid.swift in Sources */ = {isa = PBXBuildFile; fileRef = D7F13F8B2A6460B7002D875D /* Song+Section+Line+Grid.swift */; };
		D7F140172A64647D002D875D /* Song+Section+Line.swift in Sources */ = {isa = PBXBuildFile; fileRef = D7F13F852A6460B7002D875D /* Song+Section+Line.swift */; };
		D7F140192A646596002D875D /* SwiftlyChordUtilities in Frameworks */ = {isa = PBXBuildFile; productRef = D7F140182A646596002D875D /* SwiftlyChordUtilities */; };
/* End PBXBuildFile section */

/* Begin PBXContainerItemProxy section */
		D7F140042A646356002D875D /* PBXContainerItemProxy */ = {
			isa = PBXContainerItemProxy;
			containerPortal = D7F13F672A645FEC002D875D /* Project object */;
			proxyType = 1;
			remoteGlobalIDString = D7F13FF52A646356002D875D;
			remoteInfo = "QLExtension (macOS)";
		};
/* End PBXContainerItemProxy section */

/* Begin PBXCopyFilesBuildPhase section */
		D7F1400A2A646356002D875D /* Embed Foundation Extensions */ = {
			isa = PBXCopyFilesBuildPhase;
			buildActionMask = 2147483647;
			dstPath = "";
			dstSubfolderSpec = 13;
			files = (
				D7F140062A646356002D875D /* QLExtension (macOS).appex in Embed Foundation Extensions */,
			);
			name = "Embed Foundation Extensions";
			runOnlyForDeploymentPostprocessing = 0;
		};
/* End PBXCopyFilesBuildPhase section */

/* Begin PBXFileReference section */
		D7F13F6F2A645FEC002D875D /* Chord Provider.app */ = {isa = PBXFileReference; explicitFileType = wrapper.application; includeInIndex = 0; path = "Chord Provider.app"; sourceTree = BUILT_PRODUCTS_DIR; };
		D7F13F7A2A645FED002D875D /* Info.plist */ = {isa = PBXFileReference; lastKnownFileType = text.plist.xml; path = Info.plist; sourceTree = "<group>"; };
		D7F13F7B2A645FED002D875D /* ChordProvider.entitlements */ = {isa = PBXFileReference; lastKnownFileType = text.plist.entitlements; path = ChordProvider.entitlements; sourceTree = "<group>"; };
		D7F13F852A6460B7002D875D /* Song+Section+Line.swift */ = {isa = PBXFileReference; fileEncoding = 4; lastKnownFileType = sourcecode.swift; path = "Song+Section+Line.swift"; sourceTree = "<group>"; };
		D7F13F862A6460B7002D875D /* Song.swift */ = {isa = PBXFileReference; fileEncoding = 4; lastKnownFileType = sourcecode.swift; path = Song.swift; sourceTree = "<group>"; };
		D7F13F872A6460B7002D875D /* Song+Chord.swift */ = {isa = PBXFileReference; fileEncoding = 4; lastKnownFileType = sourcecode.swift; path = "Song+Chord.swift"; sourceTree = "<group>"; };
		D7F13F882A6460B7002D875D /* Song+Render.swift */ = {isa = PBXFileReference; fileEncoding = 4; lastKnownFileType = sourcecode.swift; path = "Song+Render.swift"; sourceTree = "<group>"; };
		D7F13F892A6460B7002D875D /* Song+Section.swift */ = {isa = PBXFileReference; fileEncoding = 4; lastKnownFileType = sourcecode.swift; path = "Song+Section.swift"; sourceTree = "<group>"; };
		D7F13F8A2A6460B7002D875D /* Song+Section+Line+Part.swift */ = {isa = PBXFileReference; fileEncoding = 4; lastKnownFileType = sourcecode.swift; path = "Song+Section+Line+Part.swift"; sourceTree = "<group>"; };
		D7F13F8B2A6460B7002D875D /* Song+Section+Line+Grid.swift */ = {isa = PBXFileReference; fileEncoding = 4; lastKnownFileType = sourcecode.swift; path = "Song+Section+Line+Grid.swift"; sourceTree = "<group>"; };
		D7F13F8D2A6460B7002D875D /* ExportSong+render.swift */ = {isa = PBXFileReference; fileEncoding = 4; lastKnownFileType = sourcecode.swift; path = "ExportSong+render.swift"; sourceTree = "<group>"; };
		D7F13F8E2A6460B7002D875D /* ExportDocument.swift */ = {isa = PBXFileReference; fileEncoding = 4; lastKnownFileType = sourcecode.swift; path = ExportDocument.swift; sourceTree = "<group>"; };
		D7F13F8F2A6460B7002D875D /* ExportSong.swift */ = {isa = PBXFileReference; fileEncoding = 4; lastKnownFileType = sourcecode.swift; path = ExportSong.swift; sourceTree = "<group>"; };
		D7F13F912A6460B7002D875D /* WindowManagement (macOS).swift */ = {isa = PBXFileReference; fileEncoding = 4; lastKnownFileType = sourcecode.swift; path = "WindowManagement (macOS).swift"; sourceTree = "<group>"; };
		D7F13F922A6460B7002D875D /* FileBrowser (macOS).swift */ = {isa = PBXFileReference; fileEncoding = 4; lastKnownFileType = sourcecode.swift; path = "FileBrowser (macOS).swift"; sourceTree = "<group>"; };
		D7F13F942A6460B7002D875D /* FileBrowserView (macOS).swift */ = {isa = PBXFileReference; fileEncoding = 4; lastKnownFileType = sourcecode.swift; path = "FileBrowserView (macOS).swift"; sourceTree = "<group>"; };
		D7F13F962A6460B7002D875D /* QLExtension.entitlements */ = {isa = PBXFileReference; fileEncoding = 4; lastKnownFileType = text.plist.entitlements; path = QLExtension.entitlements; sourceTree = "<group>"; };
		D7F13F972A6460B7002D875D /* PreviewProvider.swift */ = {isa = PBXFileReference; fileEncoding = 4; lastKnownFileType = sourcecode.swift; path = PreviewProvider.swift; sourceTree = "<group>"; };
		D7F13F982A6460B7002D875D /* Info.plist */ = {isa = PBXFileReference; fileEncoding = 4; lastKnownFileType = text.plist.xml; path = Info.plist; sourceTree = "<group>"; };
		D7F13F992A6460B7002D875D /* Credits.html */ = {isa = PBXFileReference; fileEncoding = 4; lastKnownFileType = text.html; path = Credits.html; sourceTree = "<group>"; };
		D7F13F9C2A6460B7002D875D /* ChordProviderApp.swift */ = {isa = PBXFileReference; fileEncoding = 4; lastKnownFileType = sourcecode.swift; path = ChordProviderApp.swift; sourceTree = "<group>"; };
		D7F13F9D2A6460B7002D875D /* ChordProDocument.swift */ = {isa = PBXFileReference; fileEncoding = 4; lastKnownFileType = sourcecode.swift; path = ChordProDocument.swift; sourceTree = "<group>"; };
		D7F13F9E2A6460B7002D875D /* Assets.xcassets */ = {isa = PBXFileReference; lastKnownFileType = folder.assetcatalog; path = Assets.xcassets; sourceTree = "<group>"; };
		D7F13F9F2A6460B7002D875D /* SceneState.swift */ = {isa = PBXFileReference; fileEncoding = 4; lastKnownFileType = sourcecode.swift; path = SceneState.swift; sourceTree = "<group>"; };
		D7F13FA02A6460B7002D875D /* Aliasses.swift */ = {isa = PBXFileReference; fileEncoding = 4; lastKnownFileType = sourcecode.swift; path = Aliasses.swift; sourceTree = "<group>"; };
		D7F13FA12A6460B7002D875D /* Debouncer.swift */ = {isa = PBXFileReference; fileEncoding = 4; lastKnownFileType = sourcecode.swift; path = Debouncer.swift; sourceTree = "<group>"; };
		D7F13FA32A6460B7002D875D /* ChordPro.swift */ = {isa = PBXFileReference; fileEncoding = 4; lastKnownFileType = sourcecode.swift; path = ChordPro.swift; sourceTree = "<group>"; };
		D7F13FA42A6460B7002D875D /* ChordPro+Directive+extension.swift */ = {isa = PBXFileReference; fileEncoding = 4; lastKnownFileType = sourcecode.swift; path = "ChordPro+Directive+extension.swift"; sourceTree = "<group>"; };
		D7F13FA52A6460B7002D875D /* ChordPro+Environment.swift */ = {isa = PBXFileReference; fileEncoding = 4; lastKnownFileType = sourcecode.swift; path = "ChordPro+Environment.swift"; sourceTree = "<group>"; };
		D7F13FA62A6460B7002D875D /* ChordPro+Regex.swift */ = {isa = PBXFileReference; fileEncoding = 4; lastKnownFileType = sourcecode.swift; path = "ChordPro+Regex.swift"; sourceTree = "<group>"; };
		D7F13FA72A6460B7002D875D /* ChordPro+Directive.swift */ = {isa = PBXFileReference; fileEncoding = 4; lastKnownFileType = sourcecode.swift; path = "ChordPro+Directive.swift"; sourceTree = "<group>"; };
		D7F13FA92A6460B7002D875D /* LaunchScreen (iPadOS).storyboard */ = {isa = PBXFileReference; fileEncoding = 4; lastKnownFileType = file.storyboard; path = "LaunchScreen (iPadOS).storyboard"; sourceTree = "<group>"; };
		D7F13FAC2A6460B7002D875D /* ShareSongView.swift */ = {isa = PBXFileReference; fileEncoding = 4; lastKnownFileType = sourcecode.swift; path = ShareSongView.swift; sourceTree = "<group>"; };
		D7F13FAD2A6460B7002D875D /* ToolbarView.swift */ = {isa = PBXFileReference; fileEncoding = 4; lastKnownFileType = sourcecode.swift; path = ToolbarView.swift; sourceTree = "<group>"; };
		D7F13FAF2A6460B7002D875D /* EditorView+EditorButton.swift */ = {isa = PBXFileReference; fileEncoding = 4; lastKnownFileType = sourcecode.swift; path = "EditorView+EditorButton.swift"; sourceTree = "<group>"; };
		D7F13FB02A6460B7002D875D /* EditorView+rules.swift */ = {isa = PBXFileReference; fileEncoding = 4; lastKnownFileType = sourcecode.swift; path = "EditorView+rules.swift"; sourceTree = "<group>"; };
		D7F13FB12A6460B7002D875D /* EditorView+regex.swift */ = {isa = PBXFileReference; fileEncoding = 4; lastKnownFileType = sourcecode.swift; path = "EditorView+regex.swift"; sourceTree = "<group>"; };
		D7F13FB22A6460B7002D875D /* EditorView.swift */ = {isa = PBXFileReference; fileEncoding = 4; lastKnownFileType = sourcecode.swift; path = EditorView.swift; sourceTree = "<group>"; };
		D7F13FB32A6460B7002D875D /* EditorView+format.swift */ = {isa = PBXFileReference; fileEncoding = 4; lastKnownFileType = sourcecode.swift; path = "EditorView+format.swift"; sourceTree = "<group>"; };
		D7F13FB42A6460B7002D875D /* HeaderView.swift */ = {isa = PBXFileReference; fileEncoding = 4; lastKnownFileType = sourcecode.swift; path = HeaderView.swift; sourceTree = "<group>"; };
		D7F13FB52A6460B7002D875D /* MainView.swift */ = {isa = PBXFileReference; fileEncoding = 4; lastKnownFileType = sourcecode.swift; path = MainView.swift; sourceTree = "<group>"; };
		D7F13FB62A6460B7002D875D /* PrintSongView.swift */ = {isa = PBXFileReference; fileEncoding = 4; lastKnownFileType = sourcecode.swift; path = PrintSongView.swift; sourceTree = "<group>"; };
		D7F13FB72A6460B7002D875D /* ChordsView.swift */ = {isa = PBXFileReference; fileEncoding = 4; lastKnownFileType = sourcecode.swift; path = ChordsView.swift; sourceTree = "<group>"; };
		D7F13FB82A6460B7002D875D /* SongView.swift */ = {isa = PBXFileReference; fileEncoding = 4; lastKnownFileType = sourcecode.swift; path = SongView.swift; sourceTree = "<group>"; };
		D7F13FB92A6460B7002D875D /* ContentView.swift */ = {isa = PBXFileReference; fileEncoding = 4; lastKnownFileType = sourcecode.swift; path = ContentView.swift; sourceTree = "<group>"; };
		D7F13FBA2A6460B7002D875D /* ExportSongView.swift */ = {isa = PBXFileReference; fileEncoding = 4; lastKnownFileType = sourcecode.swift; path = ExportSongView.swift; sourceTree = "<group>"; };
		D7F13FBB2A6460B7002D875D /* AudioPlayerView.swift */ = {isa = PBXFileReference; fileEncoding = 4; lastKnownFileType = sourcecode.swift; path = AudioPlayerView.swift; sourceTree = "<group>"; };
		D7F13FF62A646356002D875D /* QLExtension (macOS).appex */ = {isa = PBXFileReference; explicitFileType = "wrapper.app-extension"; includeInIndex = 0; path = "QLExtension (macOS).appex"; sourceTree = BUILT_PRODUCTS_DIR; };
		D7F13FF82A646356002D875D /* Quartz.framework */ = {isa = PBXFileReference; lastKnownFileType = wrapper.framework; name = Quartz.framework; path = System/Library/Frameworks/Quartz.framework; sourceTree = SDKROOT; };
/* End PBXFileReference section */

/* Begin PBXFrameworksBuildPhase section */
		D7F13F6C2A645FEC002D875D /* Frameworks */ = {
			isa = PBXFrameworksBuildPhase;
			buildActionMask = 2147483647;
			files = (
				D7F13FEE2A646110002D875D /* SwiftlyFolderUtilities in Frameworks */,
				D7F13FF12A646129002D875D /* HighlightedTextEditor in Frameworks */,
				D7F13FEB2A646106002D875D /* SwiftlyChordUtilities in Frameworks */,
			);
			runOnlyForDeploymentPostprocessing = 0;
		};
		D7F13FF32A646356002D875D /* Frameworks */ = {
			isa = PBXFrameworksBuildPhase;
			buildActionMask = 2147483647;
			files = (
				D7F13FF92A646356002D875D /* Quartz.framework in Frameworks */,
				D7F140192A646596002D875D /* SwiftlyChordUtilities in Frameworks */,
			);
			runOnlyForDeploymentPostprocessing = 0;
		};
/* End PBXFrameworksBuildPhase section */

/* Begin PBXGroup section */
		D7F13F662A645FEC002D875D = {
			isa = PBXGroup;
			children = (
				D7F13F712A645FEC002D875D /* Chord Provider */,
				D7F13FF72A646356002D875D /* Frameworks */,
				D7F13F702A645FEC002D875D /* Products */,
			);
			sourceTree = "<group>";
		};
		D7F13F702A645FEC002D875D /* Products */ = {
			isa = PBXGroup;
			children = (
				D7F13F6F2A645FEC002D875D /* Chord Provider.app */,
				D7F13FF62A646356002D875D /* QLExtension (macOS).appex */,
			);
			name = Products;
			sourceTree = "<group>";
		};
		D7F13F712A645FEC002D875D /* Chord Provider */ = {
			isa = PBXGroup;
			children = (
				D7F13F9B2A6460B7002D875D /* General */,
				D7F13F842A6460B7002D875D /* SongModel */,
				D7F13FA22A6460B7002D875D /* ChordProParser */,
				D7F13F8C2A6460B7002D875D /* Export */,
				D7F13FAB2A6460B7002D875D /* Views */,
				D7F13FA82A6460B7002D875D /* iPadOS */,
				D7F13F902A6460B7002D875D /* macOS */,
			);
			path = "Chord Provider";
			sourceTree = "<group>";
		};
		D7F13F842A6460B7002D875D /* SongModel */ = {
			isa = PBXGroup;
			children = (
				D7F13F862A6460B7002D875D /* Song.swift */,
				D7F13F892A6460B7002D875D /* Song+Section.swift */,
				D7F13F8A2A6460B7002D875D /* Song+Section+Line+Part.swift */,
				D7F13F8B2A6460B7002D875D /* Song+Section+Line+Grid.swift */,
				D7F13F852A6460B7002D875D /* Song+Section+Line.swift */,
				D7F13F872A6460B7002D875D /* Song+Chord.swift */,
				D7F13F882A6460B7002D875D /* Song+Render.swift */,
			);
			path = SongModel;
			sourceTree = "<group>";
		};
		D7F13F8C2A6460B7002D875D /* Export */ = {
			isa = PBXGroup;
			children = (
				D7F13F8F2A6460B7002D875D /* ExportSong.swift */,
				D7F13F8D2A6460B7002D875D /* ExportSong+render.swift */,
				D7F13F8E2A6460B7002D875D /* ExportDocument.swift */,
			);
			path = Export;
			sourceTree = "<group>";
		};
		D7F13F902A6460B7002D875D /* macOS */ = {
			isa = PBXGroup;
			children = (
				D7F13F952A6460B7002D875D /* QLExtension */,
				D7F13F912A6460B7002D875D /* WindowManagement (macOS).swift */,
				D7F13F922A6460B7002D875D /* FileBrowser (macOS).swift */,
				D7F13F942A6460B7002D875D /* FileBrowserView (macOS).swift */,
				D7F13F992A6460B7002D875D /* Credits.html */,
			);
			path = macOS;
			sourceTree = "<group>";
		};
		D7F13F952A6460B7002D875D /* QLExtension */ = {
			isa = PBXGroup;
			children = (
				D7F13F972A6460B7002D875D /* PreviewProvider.swift */,
				D7F13F962A6460B7002D875D /* QLExtension.entitlements */,
				D7F13F982A6460B7002D875D /* Info.plist */,
			);
			path = QLExtension;
			sourceTree = "<group>";
		};
		D7F13F9B2A6460B7002D875D /* General */ = {
			isa = PBXGroup;
			children = (
				D7F13F9C2A6460B7002D875D /* ChordProviderApp.swift */,
				D7F13F9F2A6460B7002D875D /* SceneState.swift */,
				D7F13F9D2A6460B7002D875D /* ChordProDocument.swift */,
				D7F13FA02A6460B7002D875D /* Aliasses.swift */,
				D7F13FA12A6460B7002D875D /* Debouncer.swift */,
				D7F13F9E2A6460B7002D875D /* Assets.xcassets */,
				D7F13F7A2A645FED002D875D /* Info.plist */,
				D7F13F7B2A645FED002D875D /* ChordProvider.entitlements */,
			);
			path = General;
			sourceTree = "<group>";
		};
		D7F13FA22A6460B7002D875D /* ChordProParser */ = {
			isa = PBXGroup;
			children = (
				D7F13FA32A6460B7002D875D /* ChordPro.swift */,
				D7F13FA52A6460B7002D875D /* ChordPro+Environment.swift */,
				D7F13FA72A6460B7002D875D /* ChordPro+Directive.swift */,
				D7F13FA42A6460B7002D875D /* ChordPro+Directive+extension.swift */,
				D7F13FA62A6460B7002D875D /* ChordPro+Regex.swift */,
			);
			path = ChordProParser;
			sourceTree = "<group>";
		};
		D7F13FA82A6460B7002D875D /* iPadOS */ = {
			isa = PBXGroup;
			children = (
				D7F13FA92A6460B7002D875D /* LaunchScreen (iPadOS).storyboard */,
			);
			path = iPadOS;
			sourceTree = "<group>";
		};
		D7F13FAB2A6460B7002D875D /* Views */ = {
			isa = PBXGroup;
			children = (
				D7F13FAE2A6460B7002D875D /* EditorView */,
				D7F13FB52A6460B7002D875D /* MainView.swift */,
				D7F13FB92A6460B7002D875D /* ContentView.swift */,
				D7F13FB42A6460B7002D875D /* HeaderView.swift */,
				D7F13FAD2A6460B7002D875D /* ToolbarView.swift */,
				D7F13FB82A6460B7002D875D /* SongView.swift */,
				D7F13FB72A6460B7002D875D /* ChordsView.swift */,
				D7F13FBB2A6460B7002D875D /* AudioPlayerView.swift */,
				D7F13FB62A6460B7002D875D /* PrintSongView.swift */,
				D7F13FAC2A6460B7002D875D /* ShareSongView.swift */,
				D7F13FBA2A6460B7002D875D /* ExportSongView.swift */,
			);
			path = Views;
			sourceTree = "<group>";
		};
		D7F13FAE2A6460B7002D875D /* EditorView */ = {
			isa = PBXGroup;
			children = (
				D7F13FB22A6460B7002D875D /* EditorView.swift */,
				D7F13FAF2A6460B7002D875D /* EditorView+EditorButton.swift */,
				D7F13FB02A6460B7002D875D /* EditorView+rules.swift */,
				D7F13FB12A6460B7002D875D /* EditorView+regex.swift */,
				D7F13FB32A6460B7002D875D /* EditorView+format.swift */,
			);
			path = EditorView;
			sourceTree = "<group>";
		};
		D7F13FF72A646356002D875D /* Frameworks */ = {
			isa = PBXGroup;
			children = (
				D7F13FF82A646356002D875D /* Quartz.framework */,
			);
			name = Frameworks;
			sourceTree = "<group>";
		};
/* End PBXGroup section */

/* Begin PBXNativeTarget section */
		D7F13F6E2A645FEC002D875D /* Chord Provider */ = {
			isa = PBXNativeTarget;
			buildConfigurationList = D7F13F812A645FED002D875D /* Build configuration list for PBXNativeTarget "Chord Provider" */;
			buildPhases = (
				D7F13F6B2A645FEC002D875D /* Sources */,
				D7F13F6C2A645FEC002D875D /* Frameworks */,
				D7F13F6D2A645FEC002D875D /* Resources */,
				D7F1400A2A646356002D875D /* Embed Foundation Extensions */,
				D7F1401A2A646B78002D875D /* Run SwiftLint */,
				D7F1401B2A646BBA002D875D /* Set Build Number */,
			);
			buildRules = (
			);
			dependencies = (
				D7F140052A646356002D875D /* PBXTargetDependency */,
			);
			name = "Chord Provider";
			packageProductDependencies = (
				D7F13FEA2A646106002D875D /* SwiftlyChordUtilities */,
				D7F13FED2A646110002D875D /* SwiftlyFolderUtilities */,
				D7F13FF02A646129002D875D /* HighlightedTextEditor */,
			);
			productName = "Chord Provider";
			productReference = D7F13F6F2A645FEC002D875D /* Chord Provider.app */;
			productType = "com.apple.product-type.application";
		};
		D7F13FF52A646356002D875D /* QLExtension (macOS) */ = {
			isa = PBXNativeTarget;
			buildConfigurationList = D7F140072A646356002D875D /* Build configuration list for PBXNativeTarget "QLExtension (macOS)" */;
			buildPhases = (
				D7F13FF22A646356002D875D /* Sources */,
				D7F13FF32A646356002D875D /* Frameworks */,
				D7F13FF42A646356002D875D /* Resources */,
			);
			buildRules = (
			);
			dependencies = (
			);
			name = "QLExtension (macOS)";
			packageProductDependencies = (
				D7F140182A646596002D875D /* SwiftlyChordUtilities */,
			);
			productName = "QLExtension (macOS)";
			productReference = D7F13FF62A646356002D875D /* QLExtension (macOS).appex */;
			productType = "com.apple.product-type.app-extension";
		};
/* End PBXNativeTarget section */

/* Begin PBXProject section */
		D7F13F672A645FEC002D875D /* Project object */ = {
			isa = PBXProject;
			attributes = {
				BuildIndependentTargetsInParallel = 1;
				LastSwiftUpdateCheck = 1430;
				LastUpgradeCheck = 1430;
				TargetAttributes = {
					D7F13F6E2A645FEC002D875D = {
						CreatedOnToolsVersion = 14.3.1;
					};
					D7F13FF52A646356002D875D = {
						CreatedOnToolsVersion = 14.3.1;
					};
				};
			};
			buildConfigurationList = D7F13F6A2A645FEC002D875D /* Build configuration list for PBXProject "Chord Provider" */;
			compatibilityVersion = "Xcode 14.0";
			developmentRegion = en;
			hasScannedForEncodings = 0;
			knownRegions = (
				en,
				Base,
			);
			mainGroup = D7F13F662A645FEC002D875D;
			packageReferences = (
				D7F13FE92A646106002D875D /* XCRemoteSwiftPackageReference "SwiftlyChordUtilities" */,
				D7F13FEC2A646110002D875D /* XCRemoteSwiftPackageReference "SwiftlyFolderUtilities" */,
				D7F13FEF2A646129002D875D /* XCRemoteSwiftPackageReference "HighlightedTextEditor" */,
			);
			productRefGroup = D7F13F702A645FEC002D875D /* Products */;
			projectDirPath = "";
			projectRoot = "";
			targets = (
				D7F13F6E2A645FEC002D875D /* Chord Provider */,
				D7F13FF52A646356002D875D /* QLExtension (macOS) */,
			);
		};
/* End PBXProject section */

/* Begin PBXResourcesBuildPhase section */
		D7F13F6D2A645FEC002D875D /* Resources */ = {
			isa = PBXResourcesBuildPhase;
			buildActionMask = 2147483647;
			files = (
				D7F13FD82A6460B7002D875D /* LaunchScreen (iPadOS).storyboard in Resources */,
				D7F13FCB2A6460B7002D875D /* Credits.html in Resources */,
				D7F13FCF2A6460B7002D875D /* Assets.xcassets in Resources */,
			);
			runOnlyForDeploymentPostprocessing = 0;
		};
		D7F13FF42A646356002D875D /* Resources */ = {
			isa = PBXResourcesBuildPhase;
			buildActionMask = 2147483647;
			files = (
			);
			runOnlyForDeploymentPostprocessing = 0;
		};
/* End PBXResourcesBuildPhase section */

/* Begin PBXShellScriptBuildPhase section */
		D7F1401A2A646B78002D875D /* Run SwiftLint */ = {
			isa = PBXShellScriptBuildPhase;
			alwaysOutOfDate = 1;
			buildActionMask = 2147483647;
			files = (
			);
			inputFileListPaths = (
			);
			inputPaths = (
			);
			name = "Run SwiftLint";
			outputFileListPaths = (
			);
			outputPaths = (
			);
			runOnlyForDeploymentPostprocessing = 0;
			shellPath = /bin/sh;
			shellScript = "if which /opt/homebrew/bin/swiftlint >/dev/null; then\n  # swiftlint --enable-all-rules\n  # swiftlint autocorrect\n  /opt/homebrew/bin/swiftlint\nelse\n  echo \"warning: SwiftLint not installed, download from https://github.com/realm/SwiftLint\"\nfi\n";
		};
		D7F1401B2A646BBA002D875D /* Set Build Number */ = {
			isa = PBXShellScriptBuildPhase;
			buildActionMask = 2147483647;
			files = (
			);
			inputFileListPaths = (
			);
			inputPaths = (
			);
			name = "Set Build Number";
			outputFileListPaths = (
			);
			outputPaths = (
			);
			runOnlyForDeploymentPostprocessing = 0;
			shellPath = /bin/sh;
			shellScript = "git=$(sh /etc/profile; which git)\nnumber_of_commits=$(\"$git\" rev-list HEAD --count)\ngit_release_version=$(\"$git\" describe --tags --always --abbrev=0)\n\ncd \"${PROJECT_DIR}\" ; agvtool new-version ${number_of_commits}\n";
		};
/* End PBXShellScriptBuildPhase section */

/* Begin PBXSourcesBuildPhase section */
		D7F13F6B2A645FEC002D875D /* Sources */ = {
			isa = PBXSourcesBuildPhase;
			buildActionMask = 2147483647;
			files = (
				D7F13FC22A6460B7002D875D /* Song+Section+Line+Grid.swift in Sources */,
				D7F13FDA2A6460B7002D875D /* ShareSongView.swift in Sources */,
				D7F13FCE2A6460B7002D875D /* ChordProDocument.swift in Sources */,
				D7F13FD22A6460B7002D875D /* Debouncer.swift in Sources */,
				D7F13FBD2A6460B7002D875D /* Song.swift in Sources */,
				D7F13FD62A6460B7002D875D /* ChordPro+Regex.swift in Sources */,
				D7F13FD52A6460B7002D875D /* ChordPro+Environment.swift in Sources */,
				D7F13FE22A6460B7002D875D /* MainView.swift in Sources */,
				D7F13FD72A6460B7002D875D /* ChordPro+Directive.swift in Sources */,
				D7F13FC62A6460B7002D875D /* WindowManagement (macOS).swift in Sources */,
				D7F13FDF2A6460B7002D875D /* EditorView.swift in Sources */,
				D7F13FE62A6460B7002D875D /* ContentView.swift in Sources */,
				D7F13FE32A6460B7002D875D /* PrintSongView.swift in Sources */,
				D7F13FE72A6460B7002D875D /* ExportSongView.swift in Sources */,
				D7F13FBC2A6460B7002D875D /* Song+Section+Line.swift in Sources */,
				D7F13FBF2A6460B7002D875D /* Song+Render.swift in Sources */,
				D7F13FE42A6460B7002D875D /* ChordsView.swift in Sources */,
				D7F13FDB2A6460B7002D875D /* ToolbarView.swift in Sources */,
				D7F13FDC2A6460B7002D875D /* EditorView+EditorButton.swift in Sources */,
				D7F13FE12A6460B7002D875D /* HeaderView.swift in Sources */,
				D7F13FBE2A6460B7002D875D /* Song+Chord.swift in Sources */,
				D7F13FD02A6460B7002D875D /* SceneState.swift in Sources */,
				D7F13FE82A6460B7002D875D /* AudioPlayerView.swift in Sources */,
				D7F13FD32A6460B7002D875D /* ChordPro.swift in Sources */,
				D7F13FC02A6460B7002D875D /* Song+Section.swift in Sources */,
				D7F13FC52A6460B7002D875D /* ExportSong.swift in Sources */,
				D7F13FC72A6460B7002D875D /* FileBrowser (macOS).swift in Sources */,
				D7F13FD12A6460B7002D875D /* Aliasses.swift in Sources */,
				D7F13FDD2A6460B7002D875D /* EditorView+rules.swift in Sources */,
				D7F13FE52A6460B7002D875D /* SongView.swift in Sources */,
				D7F13FC32A6460B7002D875D /* ExportSong+render.swift in Sources */,
				D7F13FCD2A6460B7002D875D /* ChordProviderApp.swift in Sources */,
				D7F13FD42A6460B7002D875D /* ChordPro+Directive+extension.swift in Sources */,
				D7F13FC42A6460B7002D875D /* ExportDocument.swift in Sources */,
				D7F13FC82A6460B7002D875D /* FileBrowserView (macOS).swift in Sources */,
				D7F13FDE2A6460B7002D875D /* EditorView+regex.swift in Sources */,
				D7F13FC12A6460B7002D875D /* Song+Section+Line+Part.swift in Sources */,
				D7F13FE02A6460B7002D875D /* EditorView+format.swift in Sources */,
			);
			runOnlyForDeploymentPostprocessing = 0;
		};
		D7F13FF22A646356002D875D /* Sources */ = {
			isa = PBXSourcesBuildPhase;
			buildActionMask = 2147483647;
			files = (
				D7F140132A64647D002D875D /* Song.swift in Sources */,
				D7F1400F2A64646E002D875D /* ChordPro.swift in Sources */,
				D7F140172A64647D002D875D /* Song+Section+Line.swift in Sources */,
				D7F140162A64647D002D875D /* Song+Section+Line+Grid.swift in Sources */,
				D7F140112A64647D002D875D /* Song+Chord.swift in Sources */,
				D7F1400E2A64646E002D875D /* ChordPro+Directive+extension.swift in Sources */,
				D7F140142A64647D002D875D /* Song+Section.swift in Sources */,
				D7F140102A64646E002D875D /* ChordPro+Environment.swift in Sources */,
				D7F1400D2A64646E002D875D /* ChordPro+Directive.swift in Sources */,
				D7F1400C2A64646E002D875D /* ChordPro+Regex.swift in Sources */,
				D7F140152A64647D002D875D /* Song+Section+Line+Part.swift in Sources */,
				D7F140122A64647D002D875D /* Song+Render.swift in Sources */,
				D7F1400B2A646439002D875D /* PreviewProvider.swift in Sources */,
			);
			runOnlyForDeploymentPostprocessing = 0;
		};
/* End PBXSourcesBuildPhase section */

/* Begin PBXTargetDependency section */
		D7F140052A646356002D875D /* PBXTargetDependency */ = {
			isa = PBXTargetDependency;
			platformFilters = (
				macos,
			);
			target = D7F13FF52A646356002D875D /* QLExtension (macOS) */;
			targetProxy = D7F140042A646356002D875D /* PBXContainerItemProxy */;
		};
/* End PBXTargetDependency section */

/* Begin XCBuildConfiguration section */
		D7F13F7F2A645FED002D875D /* Debug */ = {
			isa = XCBuildConfiguration;
			buildSettings = {
				ALWAYS_SEARCH_USER_PATHS = NO;
				CLANG_ANALYZER_NONNULL = YES;
				CLANG_ANALYZER_NUMBER_OBJECT_CONVERSION = YES_AGGRESSIVE;
				CLANG_CXX_LANGUAGE_STANDARD = "gnu++20";
				CLANG_ENABLE_MODULES = YES;
				CLANG_ENABLE_OBJC_ARC = YES;
				CLANG_ENABLE_OBJC_WEAK = YES;
				CLANG_WARN_BLOCK_CAPTURE_AUTORELEASING = YES;
				CLANG_WARN_BOOL_CONVERSION = YES;
				CLANG_WARN_COMMA = YES;
				CLANG_WARN_CONSTANT_CONVERSION = YES;
				CLANG_WARN_DEPRECATED_OBJC_IMPLEMENTATIONS = YES;
				CLANG_WARN_DIRECT_OBJC_ISA_USAGE = YES_ERROR;
				CLANG_WARN_DOCUMENTATION_COMMENTS = YES;
				CLANG_WARN_EMPTY_BODY = YES;
				CLANG_WARN_ENUM_CONVERSION = YES;
				CLANG_WARN_INFINITE_RECURSION = YES;
				CLANG_WARN_INT_CONVERSION = YES;
				CLANG_WARN_NON_LITERAL_NULL_CONVERSION = YES;
				CLANG_WARN_OBJC_IMPLICIT_RETAIN_SELF = YES;
				CLANG_WARN_OBJC_LITERAL_CONVERSION = YES;
				CLANG_WARN_OBJC_ROOT_CLASS = YES_ERROR;
				CLANG_WARN_QUOTED_INCLUDE_IN_FRAMEWORK_HEADER = YES;
				CLANG_WARN_RANGE_LOOP_ANALYSIS = YES;
				CLANG_WARN_STRICT_PROTOTYPES = YES;
				CLANG_WARN_SUSPICIOUS_MOVE = YES;
				CLANG_WARN_UNGUARDED_AVAILABILITY = YES_AGGRESSIVE;
				CLANG_WARN_UNREACHABLE_CODE = YES;
				CLANG_WARN__DUPLICATE_METHOD_MATCH = YES;
				COPY_PHASE_STRIP = NO;
				DEAD_CODE_STRIPPING = YES;
				DEBUG_INFORMATION_FORMAT = dwarf;
				ENABLE_STRICT_OBJC_MSGSEND = YES;
				ENABLE_TESTABILITY = YES;
				GCC_C_LANGUAGE_STANDARD = gnu11;
				GCC_DYNAMIC_NO_PIC = NO;
				GCC_NO_COMMON_BLOCKS = YES;
				GCC_OPTIMIZATION_LEVEL = 0;
				GCC_PREPROCESSOR_DEFINITIONS = (
					"DEBUG=1",
					"$(inherited)",
				);
				GCC_WARN_64_TO_32_BIT_CONVERSION = YES;
				GCC_WARN_ABOUT_RETURN_TYPE = YES_ERROR;
				GCC_WARN_UNDECLARED_SELECTOR = YES;
				GCC_WARN_UNINITIALIZED_AUTOS = YES_AGGRESSIVE;
				GCC_WARN_UNUSED_FUNCTION = YES;
				GCC_WARN_UNUSED_VARIABLE = YES;
				MTL_ENABLE_DEBUG_INFO = INCLUDE_SOURCE;
				MTL_FAST_MATH = YES;
				ONLY_ACTIVE_ARCH = YES;
				SWIFT_ACTIVE_COMPILATION_CONDITIONS = DEBUG;
				SWIFT_OPTIMIZATION_LEVEL = "-Onone";
			};
			name = Debug;
		};
		D7F13F802A645FED002D875D /* Release */ = {
			isa = XCBuildConfiguration;
			buildSettings = {
				ALWAYS_SEARCH_USER_PATHS = NO;
				CLANG_ANALYZER_NONNULL = YES;
				CLANG_ANALYZER_NUMBER_OBJECT_CONVERSION = YES_AGGRESSIVE;
				CLANG_CXX_LANGUAGE_STANDARD = "gnu++20";
				CLANG_ENABLE_MODULES = YES;
				CLANG_ENABLE_OBJC_ARC = YES;
				CLANG_ENABLE_OBJC_WEAK = YES;
				CLANG_WARN_BLOCK_CAPTURE_AUTORELEASING = YES;
				CLANG_WARN_BOOL_CONVERSION = YES;
				CLANG_WARN_COMMA = YES;
				CLANG_WARN_CONSTANT_CONVERSION = YES;
				CLANG_WARN_DEPRECATED_OBJC_IMPLEMENTATIONS = YES;
				CLANG_WARN_DIRECT_OBJC_ISA_USAGE = YES_ERROR;
				CLANG_WARN_DOCUMENTATION_COMMENTS = YES;
				CLANG_WARN_EMPTY_BODY = YES;
				CLANG_WARN_ENUM_CONVERSION = YES;
				CLANG_WARN_INFINITE_RECURSION = YES;
				CLANG_WARN_INT_CONVERSION = YES;
				CLANG_WARN_NON_LITERAL_NULL_CONVERSION = YES;
				CLANG_WARN_OBJC_IMPLICIT_RETAIN_SELF = YES;
				CLANG_WARN_OBJC_LITERAL_CONVERSION = YES;
				CLANG_WARN_OBJC_ROOT_CLASS = YES_ERROR;
				CLANG_WARN_QUOTED_INCLUDE_IN_FRAMEWORK_HEADER = YES;
				CLANG_WARN_RANGE_LOOP_ANALYSIS = YES;
				CLANG_WARN_STRICT_PROTOTYPES = YES;
				CLANG_WARN_SUSPICIOUS_MOVE = YES;
				CLANG_WARN_UNGUARDED_AVAILABILITY = YES_AGGRESSIVE;
				CLANG_WARN_UNREACHABLE_CODE = YES;
				CLANG_WARN__DUPLICATE_METHOD_MATCH = YES;
				COPY_PHASE_STRIP = NO;
				DEAD_CODE_STRIPPING = YES;
				DEBUG_INFORMATION_FORMAT = "dwarf-with-dsym";
				ENABLE_NS_ASSERTIONS = NO;
				ENABLE_STRICT_OBJC_MSGSEND = YES;
				GCC_C_LANGUAGE_STANDARD = gnu11;
				GCC_NO_COMMON_BLOCKS = YES;
				GCC_WARN_64_TO_32_BIT_CONVERSION = YES;
				GCC_WARN_ABOUT_RETURN_TYPE = YES_ERROR;
				GCC_WARN_UNDECLARED_SELECTOR = YES;
				GCC_WARN_UNINITIALIZED_AUTOS = YES_AGGRESSIVE;
				GCC_WARN_UNUSED_FUNCTION = YES;
				GCC_WARN_UNUSED_VARIABLE = YES;
				MTL_ENABLE_DEBUG_INFO = NO;
				MTL_FAST_MATH = YES;
				SWIFT_COMPILATION_MODE = wholemodule;
				SWIFT_OPTIMIZATION_LEVEL = "-O";
			};
			name = Release;
		};
		D7F13F822A645FED002D875D /* Debug */ = {
			isa = XCBuildConfiguration;
			buildSettings = {
				ALWAYS_EMBED_SWIFT_STANDARD_LIBRARIES = YES;
				ASSETCATALOG_COMPILER_APPICON_NAME = AppIcon;
				ASSETCATALOG_COMPILER_GLOBAL_ACCENT_COLOR_NAME = AccentColor;
				CODE_SIGN_ENTITLEMENTS = "Chord Provider/General/ChordProvider.entitlements";
				CODE_SIGN_STYLE = Automatic;
				CURRENT_PROJECT_VERSION = 235;
				DEAD_CODE_STRIPPING = YES;
				DEVELOPMENT_TEAM = FHPCJ7396C;
				ENABLE_HARDENED_RUNTIME = YES;
				ENABLE_PREVIEWS = YES;
				GENERATE_INFOPLIST_FILE = YES;
				INFOPLIST_FILE = "Chord Provider/General/Info.plist";
				"INFOPLIST_KEY_UIApplicationSceneManifest_Generation[sdk=iphoneos*]" = YES;
				"INFOPLIST_KEY_UIApplicationSceneManifest_Generation[sdk=iphonesimulator*]" = YES;
				"INFOPLIST_KEY_UIApplicationSupportsIndirectInputEvents[sdk=iphoneos*]" = YES;
				"INFOPLIST_KEY_UIApplicationSupportsIndirectInputEvents[sdk=iphonesimulator*]" = YES;
				"INFOPLIST_KEY_UILaunchScreen_Generation[sdk=iphoneos*]" = YES;
				"INFOPLIST_KEY_UILaunchScreen_Generation[sdk=iphonesimulator*]" = YES;
				"INFOPLIST_KEY_UIStatusBarStyle[sdk=iphoneos*]" = UIStatusBarStyleDefault;
				"INFOPLIST_KEY_UIStatusBarStyle[sdk=iphonesimulator*]" = UIStatusBarStyleDefault;
				INFOPLIST_KEY_UISupportedInterfaceOrientations_iPad = "UIInterfaceOrientationPortrait UIInterfaceOrientationPortraitUpsideDown UIInterfaceOrientationLandscapeLeft UIInterfaceOrientationLandscapeRight";
				INFOPLIST_KEY_UISupportedInterfaceOrientations_iPhone = "UIInterfaceOrientationPortrait UIInterfaceOrientationLandscapeLeft UIInterfaceOrientationLandscapeRight";
				"INFOPLIST_KEY_UISupportsDocumentBrowser[sdk=iphoneos*]" = YES;
				"INFOPLIST_KEY_UISupportsDocumentBrowser[sdk=iphonesimulator*]" = YES;
				IPHONEOS_DEPLOYMENT_TARGET = 16.4;
				LD_RUNPATH_SEARCH_PATHS = "@executable_path/Frameworks";
				"LD_RUNPATH_SEARCH_PATHS[sdk=macosx*]" = "@executable_path/../Frameworks";
				MACOSX_DEPLOYMENT_TARGET = 13.3;
				MARKETING_VERSION = 1.0;
				PRODUCT_BUNDLE_IDENTIFIER = nl.desbeers.chordprovider;
				PRODUCT_NAME = "$(TARGET_NAME)";
				SDKROOT = auto;
				SUPPORTED_PLATFORMS = "iphoneos iphonesimulator macosx";
				SUPPORTS_MACCATALYST = NO;
				SUPPORTS_MAC_DESIGNED_FOR_IPHONE_IPAD = NO;
				SWIFT_EMIT_LOC_STRINGS = YES;
				SWIFT_VERSION = 5.0;
				TARGETED_DEVICE_FAMILY = 2;
			};
			name = Debug;
		};
		D7F13F832A645FED002D875D /* Release */ = {
			isa = XCBuildConfiguration;
			buildSettings = {
				ALWAYS_EMBED_SWIFT_STANDARD_LIBRARIES = YES;
				ASSETCATALOG_COMPILER_APPICON_NAME = AppIcon;
				ASSETCATALOG_COMPILER_GLOBAL_ACCENT_COLOR_NAME = AccentColor;
				CODE_SIGN_ENTITLEMENTS = "Chord Provider/General/ChordProvider.entitlements";
				CODE_SIGN_STYLE = Automatic;
				CURRENT_PROJECT_VERSION = 235;
				DEAD_CODE_STRIPPING = YES;
				DEVELOPMENT_TEAM = FHPCJ7396C;
				ENABLE_HARDENED_RUNTIME = YES;
				ENABLE_PREVIEWS = YES;
				GENERATE_INFOPLIST_FILE = YES;
				INFOPLIST_FILE = "Chord Provider/General/Info.plist";
				"INFOPLIST_KEY_UIApplicationSceneManifest_Generation[sdk=iphoneos*]" = YES;
				"INFOPLIST_KEY_UIApplicationSceneManifest_Generation[sdk=iphonesimulator*]" = YES;
				"INFOPLIST_KEY_UIApplicationSupportsIndirectInputEvents[sdk=iphoneos*]" = YES;
				"INFOPLIST_KEY_UIApplicationSupportsIndirectInputEvents[sdk=iphonesimulator*]" = YES;
				"INFOPLIST_KEY_UILaunchScreen_Generation[sdk=iphoneos*]" = YES;
				"INFOPLIST_KEY_UILaunchScreen_Generation[sdk=iphonesimulator*]" = YES;
				"INFOPLIST_KEY_UIStatusBarStyle[sdk=iphoneos*]" = UIStatusBarStyleDefault;
				"INFOPLIST_KEY_UIStatusBarStyle[sdk=iphonesimulator*]" = UIStatusBarStyleDefault;
				INFOPLIST_KEY_UISupportedInterfaceOrientations_iPad = "UIInterfaceOrientationPortrait UIInterfaceOrientationPortraitUpsideDown UIInterfaceOrientationLandscapeLeft UIInterfaceOrientationLandscapeRight";
				INFOPLIST_KEY_UISupportedInterfaceOrientations_iPhone = "UIInterfaceOrientationPortrait UIInterfaceOrientationLandscapeLeft UIInterfaceOrientationLandscapeRight";
				"INFOPLIST_KEY_UISupportsDocumentBrowser[sdk=iphoneos*]" = YES;
				"INFOPLIST_KEY_UISupportsDocumentBrowser[sdk=iphonesimulator*]" = YES;
				IPHONEOS_DEPLOYMENT_TARGET = 16.4;
				LD_RUNPATH_SEARCH_PATHS = "@executable_path/Frameworks";
				"LD_RUNPATH_SEARCH_PATHS[sdk=macosx*]" = "@executable_path/../Frameworks";
				MACOSX_DEPLOYMENT_TARGET = 13.3;
				MARKETING_VERSION = 1.0;
				PRODUCT_BUNDLE_IDENTIFIER = nl.desbeers.chordprovider;
				PRODUCT_NAME = "$(TARGET_NAME)";
				SDKROOT = auto;
				SUPPORTED_PLATFORMS = "iphoneos iphonesimulator macosx";
				SUPPORTS_MACCATALYST = NO;
				SUPPORTS_MAC_DESIGNED_FOR_IPHONE_IPAD = NO;
				SWIFT_EMIT_LOC_STRINGS = YES;
				SWIFT_VERSION = 5.0;
				TARGETED_DEVICE_FAMILY = 2;
			};
			name = Release;
		};
		D7F140082A646356002D875D /* Debug */ = {
			isa = XCBuildConfiguration;
			buildSettings = {
				CODE_SIGN_ENTITLEMENTS = "Chord Provider/macOS/QLExtension/QLExtension.entitlements";
				CODE_SIGN_STYLE = Automatic;
				CURRENT_PROJECT_VERSION = 235;
				DEAD_CODE_STRIPPING = YES;
				DEVELOPMENT_TEAM = FHPCJ7396C;
				ENABLE_HARDENED_RUNTIME = YES;
				GENERATE_INFOPLIST_FILE = YES;
				INFOPLIST_FILE = "Chord Provider/macOS/QLExtension/Info.plist";
				INFOPLIST_KEY_CFBundleDisplayName = "QLExtension (macOS)";
				INFOPLIST_KEY_NSHumanReadableCopyright = "";
				LD_RUNPATH_SEARCH_PATHS = (
					"$(inherited)",
					"@executable_path/../Frameworks",
					"@executable_path/../../../../Frameworks",
				);
				MACOSX_DEPLOYMENT_TARGET = 13.3;
				MARKETING_VERSION = 1.0;
				PRODUCT_BUNDLE_IDENTIFIER = nl.desbeers.chordprovider.qlmacos;
				PRODUCT_NAME = "$(TARGET_NAME)";
				SDKROOT = macosx;
				SKIP_INSTALL = YES;
				SWIFT_EMIT_LOC_STRINGS = YES;
				SWIFT_VERSION = 5.0;
			};
			name = Debug;
		};
		D7F140092A646356002D875D /* Release */ = {
			isa = XCBuildConfiguration;
			buildSettings = {
				CODE_SIGN_ENTITLEMENTS = "Chord Provider/macOS/QLExtension/QLExtension.entitlements";
				CODE_SIGN_STYLE = Automatic;
				CURRENT_PROJECT_VERSION = 235;
				DEAD_CODE_STRIPPING = YES;
				DEVELOPMENT_TEAM = FHPCJ7396C;
				ENABLE_HARDENED_RUNTIME = YES;
				GENERATE_INFOPLIST_FILE = YES;
				INFOPLIST_FILE = "Chord Provider/macOS/QLExtension/Info.plist";
				INFOPLIST_KEY_CFBundleDisplayName = "QLExtension (macOS)";
				INFOPLIST_KEY_NSHumanReadableCopyright = "";
				LD_RUNPATH_SEARCH_PATHS = (
					"$(inherited)",
					"@executable_path/../Frameworks",
					"@executable_path/../../../../Frameworks",
				);
				MACOSX_DEPLOYMENT_TARGET = 13.3;
				MARKETING_VERSION = 1.0;
				PRODUCT_BUNDLE_IDENTIFIER = nl.desbeers.chordprovider.qlmacos;
				PRODUCT_NAME = "$(TARGET_NAME)";
				SDKROOT = macosx;
				SKIP_INSTALL = YES;
				SWIFT_EMIT_LOC_STRINGS = YES;
				SWIFT_VERSION = 5.0;
			};
			name = Release;
		};
/* End XCBuildConfiguration section */

/* Begin XCConfigurationList section */
		D7F13F6A2A645FEC002D875D /* Build configuration list for PBXProject "Chord Provider" */ = {
			isa = XCConfigurationList;
			buildConfigurations = (
				D7F13F7F2A645FED002D875D /* Debug */,
				D7F13F802A645FED002D875D /* Release */,
			);
			defaultConfigurationIsVisible = 0;
			defaultConfigurationName = Release;
		};
		D7F13F812A645FED002D875D /* Build configuration list for PBXNativeTarget "Chord Provider" */ = {
			isa = XCConfigurationList;
			buildConfigurations = (
				D7F13F822A645FED002D875D /* Debug */,
				D7F13F832A645FED002D875D /* Release */,
			);
			defaultConfigurationIsVisible = 0;
			defaultConfigurationName = Release;
		};
		D7F140072A646356002D875D /* Build configuration list for PBXNativeTarget "QLExtension (macOS)" */ = {
			isa = XCConfigurationList;
			buildConfigurations = (
				D7F140082A646356002D875D /* Debug */,
				D7F140092A646356002D875D /* Release */,
			);
			defaultConfigurationIsVisible = 0;
			defaultConfigurationName = Release;
		};
/* End XCConfigurationList section */

/* Begin XCRemoteSwiftPackageReference section */
		D7F13FE92A646106002D875D /* XCRemoteSwiftPackageReference "SwiftlyChordUtilities" */ = {
			isa = XCRemoteSwiftPackageReference;
			repositoryURL = "https://github.com/Desbeers/SwiftlyChordUtilities";
			requirement = {
				branch = main;
				kind = branch;
			};
		};
		D7F13FEC2A646110002D875D /* XCRemoteSwiftPackageReference "SwiftlyFolderUtilities" */ = {
			isa = XCRemoteSwiftPackageReference;
			repositoryURL = "https://github.com/Desbeers/SwiftlyFolderUtilities";
			requirement = {
				branch = main;
				kind = branch;
			};
		};
		D7F13FEF2A646129002D875D /* XCRemoteSwiftPackageReference "HighlightedTextEditor" */ = {
			isa = XCRemoteSwiftPackageReference;
			repositoryURL = "https://github.com/kyle-n/HighlightedTextEditor";
			requirement = {
				kind = upToNextMajorVersion;
				minimumVersion = 2.0.0;
			};
		};
/* End XCRemoteSwiftPackageReference section */

/* Begin XCSwiftPackageProductDependency section */
		D7F13FEA2A646106002D875D /* SwiftlyChordUtilities */ = {
			isa = XCSwiftPackageProductDependency;
			package = D7F13FE92A646106002D875D /* XCRemoteSwiftPackageReference "SwiftlyChordUtilities" */;
			productName = SwiftlyChordUtilities;
		};
		D7F13FED2A646110002D875D /* SwiftlyFolderUtilities */ = {
			isa = XCSwiftPackageProductDependency;
			package = D7F13FEC2A646110002D875D /* XCRemoteSwiftPackageReference "SwiftlyFolderUtilities" */;
			productName = SwiftlyFolderUtilities;
		};
		D7F13FF02A646129002D875D /* HighlightedTextEditor */ = {
			isa = XCSwiftPackageProductDependency;
			package = D7F13FEF2A646129002D875D /* XCRemoteSwiftPackageReference "HighlightedTextEditor" */;
			productName = HighlightedTextEditor;
		};
		D7F140182A646596002D875D /* SwiftlyChordUtilities */ = {
			isa = XCSwiftPackageProductDependency;
			package = D7F13FE92A646106002D875D /* XCRemoteSwiftPackageReference "SwiftlyChordUtilities" */;
			productName = SwiftlyChordUtilities;
		};
/* End XCSwiftPackageProductDependency section */
	};
	rootObject = D7F13F672A645FEC002D875D /* Project object */;
}
