// !$*UTF8*$!
{
	archiveVersion = 1;
	classes = {
	};
	objectVersion = 54;
	objects = {

/* Begin PBXBuildFile section */
		D70D719C28C6055F00AF0022 /* Debouncer.swift in Sources */ = {isa = PBXBuildFile; fileRef = D70D719B28C6055F00AF0022 /* Debouncer.swift */; };
		D70D719D28C6055F00AF0022 /* Debouncer.swift in Sources */ = {isa = PBXBuildFile; fileRef = D70D719B28C6055F00AF0022 /* Debouncer.swift */; };
		D70D719E28C60E3600AF0022 /* HtmlView.swift in Sources */ = {isa = PBXBuildFile; fileRef = D7F68D292578BC8500B119BA /* HtmlView.swift */; };
		D70D71AC28C75B7100AF0022 /* EditorController.swift in Sources */ = {isa = PBXBuildFile; fileRef = D70D71AB28C75B7100AF0022 /* EditorController.swift */; };
		D70D71AE28C75C3600AF0022 /* ChordProFormatter.swift in Sources */ = {isa = PBXBuildFile; fileRef = D70D71AD28C75C3600AF0022 /* ChordProFormatter.swift */; };
		D70D71B028C760C300AF0022 /* String.swift in Sources */ = {isa = PBXBuildFile; fileRef = D70D71AF28C760C300AF0022 /* String.swift */; };
		D70D71B128C760C300AF0022 /* String.swift in Sources */ = {isa = PBXBuildFile; fileRef = D70D71AF28C760C300AF0022 /* String.swift */; };
		D70D71B428C76C2C00AF0022 /* EditorView.swift in Sources */ = {isa = PBXBuildFile; fileRef = D70D71B328C76C2C00AF0022 /* EditorView.swift */; };
		D7158FDE2573B44B00876B80 /* SongView.swift in Sources */ = {isa = PBXBuildFile; fileRef = D7158FDD2573B44B00876B80 /* SongView.swift */; };
		D7158FE12573CC2700876B80 /* SongView.swift in Sources */ = {isa = PBXBuildFile; fileRef = D7158FDD2573B44B00876B80 /* SongView.swift */; };
		D71DE9FF258A6E88007B513D /* Credits.rtf in Resources */ = {isa = PBXBuildFile; fileRef = D71DE9FE258A6E88007B513D /* Credits.rtf */; };
		D734A0B025F93208007AB36A /* ChordsView.swift in Sources */ = {isa = PBXBuildFile; fileRef = D734A0AF25F93208007AB36A /* ChordsView.swift */; };
		D734A0B125F93208007AB36A /* ChordsView.swift in Sources */ = {isa = PBXBuildFile; fileRef = D734A0AF25F93208007AB36A /* ChordsView.swift */; };
		D734A0B625F932BD007AB36A /* GuitarChords in Frameworks */ = {isa = PBXBuildFile; productRef = D734A0B525F932BD007AB36A /* GuitarChords */; };
		D734A0BE25F9590D007AB36A /* Color.swift in Sources */ = {isa = PBXBuildFile; fileRef = D734A0BD25F9590D007AB36A /* Color.swift */; };
		D734A0BF25F9590D007AB36A /* Color.swift in Sources */ = {isa = PBXBuildFile; fileRef = D734A0BD25F9590D007AB36A /* Color.swift */; };
		D734A0C825FA3E7D007AB36A /* GuitarChords in Frameworks */ = {isa = PBXBuildFile; productRef = D734A0C725FA3E7D007AB36A /* GuitarChords */; };
		D755C4B32589332600208BCC /* ChordProviderHelp.help in Resources */ = {isa = PBXBuildFile; fileRef = D755C4B22589332600208BCC /* ChordProviderHelp.help */; };
		D75929492572280C006DDF24 /* ChordProviderApp.swift in Sources */ = {isa = PBXBuildFile; fileRef = D75929342572280B006DDF24 /* ChordProviderApp.swift */; };
		D759294A2572280C006DDF24 /* ChordProDocument.swift in Sources */ = {isa = PBXBuildFile; fileRef = D75929352572280B006DDF24 /* ChordProDocument.swift */; };
		D759294B2572280C006DDF24 /* ChordProDocument.swift in Sources */ = {isa = PBXBuildFile; fileRef = D75929352572280B006DDF24 /* ChordProDocument.swift */; };
		D759294D2572280C006DDF24 /* ContentView.swift in Sources */ = {isa = PBXBuildFile; fileRef = D75929362572280B006DDF24 /* ContentView.swift */; };
		D759294E2572280C006DDF24 /* Assets.xcassets in Resources */ = {isa = PBXBuildFile; fileRef = D75929372572280C006DDF24 /* Assets.xcassets */; };
		D759294F2572280C006DDF24 /* Assets.xcassets in Resources */ = {isa = PBXBuildFile; fileRef = D75929372572280C006DDF24 /* Assets.xcassets */; };
		D759296125723025006DDF24 /* Song.swift in Sources */ = {isa = PBXBuildFile; fileRef = D759295B25723025006DDF24 /* Song.swift */; };
		D759296225723025006DDF24 /* Song.swift in Sources */ = {isa = PBXBuildFile; fileRef = D759295B25723025006DDF24 /* Song.swift */; };
		D759296325723025006DDF24 /* ChordPro.swift in Sources */ = {isa = PBXBuildFile; fileRef = D759295C25723025006DDF24 /* ChordPro.swift */; };
		D759296425723025006DDF24 /* ChordPro.swift in Sources */ = {isa = PBXBuildFile; fileRef = D759295C25723025006DDF24 /* ChordPro.swift */; };
		D759296525723025006DDF24 /* Measure.swift in Sources */ = {isa = PBXBuildFile; fileRef = D759295D25723025006DDF24 /* Measure.swift */; };
		D759296625723025006DDF24 /* Measure.swift in Sources */ = {isa = PBXBuildFile; fileRef = D759295D25723025006DDF24 /* Measure.swift */; };
		D759296725723025006DDF24 /* Section.swift in Sources */ = {isa = PBXBuildFile; fileRef = D759295E25723025006DDF24 /* Section.swift */; };
		D759296825723025006DDF24 /* Section.swift in Sources */ = {isa = PBXBuildFile; fileRef = D759295E25723025006DDF24 /* Section.swift */; };
		D759296925723025006DDF24 /* Part.swift in Sources */ = {isa = PBXBuildFile; fileRef = D759295F25723025006DDF24 /* Part.swift */; };
		D759296A25723025006DDF24 /* Part.swift in Sources */ = {isa = PBXBuildFile; fileRef = D759295F25723025006DDF24 /* Part.swift */; };
		D759296B25723025006DDF24 /* Line.swift in Sources */ = {isa = PBXBuildFile; fileRef = D759296025723025006DDF24 /* Line.swift */; };
		D759296C25723025006DDF24 /* Line.swift in Sources */ = {isa = PBXBuildFile; fileRef = D759296025723025006DDF24 /* Line.swift */; };
		D7667D8A273FB631002E7DF9 /* ContentView.swift in Sources */ = {isa = PBXBuildFile; fileRef = D7667D89273FB631002E7DF9 /* ContentView.swift */; };
		D7667D8E273FD042002E7DF9 /* FileBrowser.swift in Sources */ = {isa = PBXBuildFile; fileRef = D7667D8C273FCFD3002E7DF9 /* FileBrowser.swift */; };
		D789832A28C3A0150044BDD1 /* ChordProviderApp.swift in Sources */ = {isa = PBXBuildFile; fileRef = D789832928C3A0140044BDD1 /* ChordProviderApp.swift */; };
		D7B701002577A8E3005AEBF6 /* HeaderView.swift in Sources */ = {isa = PBXBuildFile; fileRef = D7B700FF2577A8E3005AEBF6 /* HeaderView.swift */; };
		D7B701012577A8E3005AEBF6 /* HeaderView.swift in Sources */ = {isa = PBXBuildFile; fileRef = D7B700FF2577A8E3005AEBF6 /* HeaderView.swift */; };
		D7BA2B312584FD5E006C272E /* FileBrowserView.swift in Sources */ = {isa = PBXBuildFile; fileRef = D7BA2B302584FD5E006C272E /* FileBrowserView.swift */; };
		D7C773B128C87D7900336E76 /* HighlightedTextEditor in Frameworks */ = {isa = PBXBuildFile; productRef = D7C773B028C87D7900336E76 /* HighlightedTextEditor */; };
		D7CC242628C8816400316A15 /* Quartz.framework in Frameworks */ = {isa = PBXBuildFile; fileRef = D7CC242528C8816400316A15 /* Quartz.framework */; };
		D7CC242B28C8816400316A15 /* PreviewProvider.swift in Sources */ = {isa = PBXBuildFile; fileRef = D7CC242A28C8816400316A15 /* PreviewProvider.swift */; };
		D7CC243328C8816400316A15 /* QLExtension (macOS).appex in Embed Foundation Extensions */ = {isa = PBXBuildFile; fileRef = D7CC242328C8816400316A15 /* QLExtension (macOS).appex */; settings = {ATTRIBUTES = (RemoveHeadersOnCopy, ); }; };
		D7CC243928C8866200316A15 /* ChordPro.swift in Sources */ = {isa = PBXBuildFile; fileRef = D759295C25723025006DDF24 /* ChordPro.swift */; };
		D7CC243A28C8866E00316A15 /* Song.swift in Sources */ = {isa = PBXBuildFile; fileRef = D759295B25723025006DDF24 /* Song.swift */; };
		D7CC243B28C8867100316A15 /* Section.swift in Sources */ = {isa = PBXBuildFile; fileRef = D759295E25723025006DDF24 /* Section.swift */; };
		D7CC243C28C8867500316A15 /* Line.swift in Sources */ = {isa = PBXBuildFile; fileRef = D759296025723025006DDF24 /* Line.swift */; };
		D7CC243D28C8867800316A15 /* Part.swift in Sources */ = {isa = PBXBuildFile; fileRef = D759295F25723025006DDF24 /* Part.swift */; };
		D7CC243E28C8867D00316A15 /* Measure.swift in Sources */ = {isa = PBXBuildFile; fileRef = D759295D25723025006DDF24 /* Measure.swift */; };
		D7CC243F28C8868000316A15 /* Chord.swift in Sources */ = {isa = PBXBuildFile; fileRef = D7CC570D25FBAFC700AD96CA /* Chord.swift */; };
		D7CC244028C8868600316A15 /* BuildSong.swift in Sources */ = {isa = PBXBuildFile; fileRef = D7F68D2F2578D83100B119BA /* BuildSong.swift */; };
		D7CC244328C8895E00316A15 /* Assets.xcassets in Resources */ = {isa = PBXBuildFile; fileRef = D75929372572280C006DDF24 /* Assets.xcassets */; };
		D7CC244428C8896300316A15 /* Color.swift in Sources */ = {isa = PBXBuildFile; fileRef = D734A0BD25F9590D007AB36A /* Color.swift */; };
		D7CC244628C8899A00316A15 /* GuitarChords in Frameworks */ = {isa = PBXBuildFile; productRef = D7CC244528C8899A00316A15 /* GuitarChords */; };
		D7CC244728C889CB00316A15 /* style.css in Resources */ = {isa = PBXBuildFile; fileRef = D7F68D3E2579197100B119BA /* style.css */; };
		D7CC570E25FBAFC700AD96CA /* Chord.swift in Sources */ = {isa = PBXBuildFile; fileRef = D7CC570D25FBAFC700AD96CA /* Chord.swift */; };
		D7CC570F25FBAFC700AD96CA /* Chord.swift in Sources */ = {isa = PBXBuildFile; fileRef = D7CC570D25FBAFC700AD96CA /* Chord.swift */; };
		D7E79C6F25A212CC00169D0F /* AudioPlayerView.swift in Sources */ = {isa = PBXBuildFile; fileRef = D7E79C6E25A212CC00169D0F /* AudioPlayerView.swift */; };
		D7F68D2A2578BC8500B119BA /* HtmlView.swift in Sources */ = {isa = PBXBuildFile; fileRef = D7F68D292578BC8500B119BA /* HtmlView.swift */; };
		D7F68D302578D83100B119BA /* BuildSong.swift in Sources */ = {isa = PBXBuildFile; fileRef = D7F68D2F2578D83100B119BA /* BuildSong.swift */; };
		D7F68D312578D83100B119BA /* BuildSong.swift in Sources */ = {isa = PBXBuildFile; fileRef = D7F68D2F2578D83100B119BA /* BuildSong.swift */; };
		D7F68D362578DA8400B119BA /* EditorView.swift in Sources */ = {isa = PBXBuildFile; fileRef = D7F68D342578DA8400B119BA /* EditorView.swift */; };
		D7F68D3F2579197100B119BA /* style.css in Resources */ = {isa = PBXBuildFile; fileRef = D7F68D3E2579197100B119BA /* style.css */; };
		D7F68D402579197100B119BA /* style.css in Resources */ = {isa = PBXBuildFile; fileRef = D7F68D3E2579197100B119BA /* style.css */; };
		D7FAE616257D830C009BBDA8 /* ChordsData.swift in Sources */ = {isa = PBXBuildFile; fileRef = D7FAE60F257D830C009BBDA8 /* ChordsData.swift */; };
		D7FAE64F257E189A009BBDA8 /* ChordsData.swift in Sources */ = {isa = PBXBuildFile; fileRef = D7FAE60F257D830C009BBDA8 /* ChordsData.swift */; };
/* End PBXBuildFile section */

/* Begin PBXContainerItemProxy section */
		D7CC243128C8816400316A15 /* PBXContainerItemProxy */ = {
			isa = PBXContainerItemProxy;
			containerPortal = D759292F2572280B006DDF24 /* Project object */;
			proxyType = 1;
			remoteGlobalIDString = D7CC242228C8816400316A15;
			remoteInfo = QLExtension;
		};
/* End PBXContainerItemProxy section */

/* Begin PBXCopyFilesBuildPhase section */
		D7ABE7FA28C8947200BF709C /* Embed Foundation Extensions */ = {
			isa = PBXCopyFilesBuildPhase;
			buildActionMask = 2147483647;
			dstPath = "";
			dstSubfolderSpec = 13;
			files = (
			);
			name = "Embed Foundation Extensions";
			runOnlyForDeploymentPostprocessing = 0;
		};
		D7CC243428C8816400316A15 /* Embed Foundation Extensions */ = {
			isa = PBXCopyFilesBuildPhase;
			buildActionMask = 2147483647;
			dstPath = "";
			dstSubfolderSpec = 13;
			files = (
				D7CC243328C8816400316A15 /* QLExtension (macOS).appex in Embed Foundation Extensions */,
			);
			name = "Embed Foundation Extensions";
			runOnlyForDeploymentPostprocessing = 0;
		};
/* End PBXCopyFilesBuildPhase section */

/* Begin PBXFileReference section */
		D70D719B28C6055F00AF0022 /* Debouncer.swift */ = {isa = PBXFileReference; lastKnownFileType = sourcecode.swift; path = Debouncer.swift; sourceTree = "<group>"; };
		D70D71AB28C75B7100AF0022 /* EditorController.swift */ = {isa = PBXFileReference; lastKnownFileType = sourcecode.swift; path = EditorController.swift; sourceTree = "<group>"; };
		D70D71AD28C75C3600AF0022 /* ChordProFormatter.swift */ = {isa = PBXFileReference; lastKnownFileType = sourcecode.swift; path = ChordProFormatter.swift; sourceTree = "<group>"; };
		D70D71AF28C760C300AF0022 /* String.swift */ = {isa = PBXFileReference; lastKnownFileType = sourcecode.swift; path = String.swift; sourceTree = "<group>"; };
		D70D71B328C76C2C00AF0022 /* EditorView.swift */ = {isa = PBXFileReference; lastKnownFileType = sourcecode.swift; path = EditorView.swift; sourceTree = "<group>"; };
		D7158FDD2573B44B00876B80 /* SongView.swift */ = {isa = PBXFileReference; lastKnownFileType = sourcecode.swift; path = SongView.swift; sourceTree = "<group>"; };
		D71DE9FE258A6E88007B513D /* Credits.rtf */ = {isa = PBXFileReference; fileEncoding = 4; lastKnownFileType = text.rtf; path = Credits.rtf; sourceTree = "<group>"; };
		D731FD4E2694938B00558E02 /* .swiftlint.yml */ = {isa = PBXFileReference; lastKnownFileType = text.yaml; path = .swiftlint.yml; sourceTree = "<group>"; };
		D734A0AF25F93208007AB36A /* ChordsView.swift */ = {isa = PBXFileReference; lastKnownFileType = sourcecode.swift; path = ChordsView.swift; sourceTree = "<group>"; };
		D734A0BD25F9590D007AB36A /* Color.swift */ = {isa = PBXFileReference; fileEncoding = 4; lastKnownFileType = sourcecode.swift; path = Color.swift; sourceTree = "<group>"; };
		D754B6DB25867274001AE6DD /* README.md */ = {isa = PBXFileReference; lastKnownFileType = net.daringfireball.markdown; path = README.md; sourceTree = "<group>"; };
		D755C4B22589332600208BCC /* ChordProviderHelp.help */ = {isa = PBXFileReference; lastKnownFileType = folder; path = ChordProviderHelp.help; sourceTree = "<group>"; };
		D75929342572280B006DDF24 /* ChordProviderApp.swift */ = {isa = PBXFileReference; lastKnownFileType = sourcecode.swift; path = ChordProviderApp.swift; sourceTree = "<group>"; };
		D75929352572280B006DDF24 /* ChordProDocument.swift */ = {isa = PBXFileReference; lastKnownFileType = sourcecode.swift; path = ChordProDocument.swift; sourceTree = "<group>"; };
		D75929362572280B006DDF24 /* ContentView.swift */ = {isa = PBXFileReference; lastKnownFileType = sourcecode.swift; path = ContentView.swift; sourceTree = "<group>"; };
		D75929372572280C006DDF24 /* Assets.xcassets */ = {isa = PBXFileReference; lastKnownFileType = folder.assetcatalog; path = Assets.xcassets; sourceTree = "<group>"; };
		D759293F2572280C006DDF24 /* Info.plist */ = {isa = PBXFileReference; lastKnownFileType = text.plist.xml; path = Info.plist; sourceTree = "<group>"; };
		D75929462572280C006DDF24 /* Info.plist */ = {isa = PBXFileReference; lastKnownFileType = text.plist.xml; path = Info.plist; sourceTree = "<group>"; };
		D75929472572280C006DDF24 /* macOS.entitlements */ = {isa = PBXFileReference; lastKnownFileType = text.plist.entitlements; path = macOS.entitlements; sourceTree = "<group>"; };
		D759295B25723025006DDF24 /* Song.swift */ = {isa = PBXFileReference; fileEncoding = 4; lastKnownFileType = sourcecode.swift; path = Song.swift; sourceTree = "<group>"; };
		D759295C25723025006DDF24 /* ChordPro.swift */ = {isa = PBXFileReference; fileEncoding = 4; lastKnownFileType = sourcecode.swift; path = ChordPro.swift; sourceTree = "<group>"; };
		D759295D25723025006DDF24 /* Measure.swift */ = {isa = PBXFileReference; fileEncoding = 4; lastKnownFileType = sourcecode.swift; path = Measure.swift; sourceTree = "<group>"; };
		D759295E25723025006DDF24 /* Section.swift */ = {isa = PBXFileReference; fileEncoding = 4; lastKnownFileType = sourcecode.swift; path = Section.swift; sourceTree = "<group>"; };
		D759295F25723025006DDF24 /* Part.swift */ = {isa = PBXFileReference; fileEncoding = 4; lastKnownFileType = sourcecode.swift; path = Part.swift; sourceTree = "<group>"; };
		D759296025723025006DDF24 /* Line.swift */ = {isa = PBXFileReference; fileEncoding = 4; lastKnownFileType = sourcecode.swift; path = Line.swift; sourceTree = "<group>"; };
		D7667D86273FB0EC002E7DF9 /* Chord Provider.app */ = {isa = PBXFileReference; explicitFileType = wrapper.application; includeInIndex = 0; path = "Chord Provider.app"; sourceTree = BUILT_PRODUCTS_DIR; };
		D7667D89273FB631002E7DF9 /* ContentView.swift */ = {isa = PBXFileReference; fileEncoding = 4; lastKnownFileType = sourcecode.swift; path = ContentView.swift; sourceTree = "<group>"; };
		D7667D8B273FB7BF002E7DF9 /* Chord Provider.app */ = {isa = PBXFileReference; explicitFileType = wrapper.application; includeInIndex = 0; path = "Chord Provider.app"; sourceTree = BUILT_PRODUCTS_DIR; };
		D7667D8C273FCFD3002E7DF9 /* FileBrowser.swift */ = {isa = PBXFileReference; lastKnownFileType = sourcecode.swift; path = FileBrowser.swift; sourceTree = "<group>"; };
		D789832928C3A0140044BDD1 /* ChordProviderApp.swift */ = {isa = PBXFileReference; lastKnownFileType = sourcecode.swift; path = ChordProviderApp.swift; sourceTree = "<group>"; };
		D7ABE7E928C8947200BF709C /* QuickLook.framework */ = {isa = PBXFileReference; lastKnownFileType = wrapper.framework; name = QuickLook.framework; path = System/Library/Frameworks/QuickLook.framework; sourceTree = SDKROOT; };
		D7B700FF2577A8E3005AEBF6 /* HeaderView.swift */ = {isa = PBXFileReference; lastKnownFileType = sourcecode.swift; path = HeaderView.swift; sourceTree = "<group>"; };
		D7BA2B302584FD5E006C272E /* FileBrowserView.swift */ = {isa = PBXFileReference; lastKnownFileType = sourcecode.swift; path = FileBrowserView.swift; sourceTree = "<group>"; };
		D7CC242328C8816400316A15 /* QLExtension (macOS).appex */ = {isa = PBXFileReference; explicitFileType = "wrapper.app-extension"; includeInIndex = 0; path = "QLExtension (macOS).appex"; sourceTree = BUILT_PRODUCTS_DIR; };
		D7CC242528C8816400316A15 /* Quartz.framework */ = {isa = PBXFileReference; lastKnownFileType = wrapper.framework; name = Quartz.framework; path = System/Library/Frameworks/Quartz.framework; sourceTree = SDKROOT; };
		D7CC242A28C8816400316A15 /* PreviewProvider.swift */ = {isa = PBXFileReference; lastKnownFileType = sourcecode.swift; path = PreviewProvider.swift; sourceTree = "<group>"; };
		D7CC242F28C8816400316A15 /* Info.plist */ = {isa = PBXFileReference; lastKnownFileType = text.plist.xml; path = Info.plist; sourceTree = "<group>"; };
		D7CC243028C8816400316A15 /* QLExtension.entitlements */ = {isa = PBXFileReference; lastKnownFileType = text.plist.entitlements; path = QLExtension.entitlements; sourceTree = "<group>"; };
		D7CC570D25FBAFC700AD96CA /* Chord.swift */ = {isa = PBXFileReference; lastKnownFileType = sourcecode.swift; path = Chord.swift; sourceTree = "<group>"; };
		D7E79C6E25A212CC00169D0F /* AudioPlayerView.swift */ = {isa = PBXFileReference; lastKnownFileType = sourcecode.swift; path = AudioPlayerView.swift; sourceTree = "<group>"; };
		D7F68D292578BC8500B119BA /* HtmlView.swift */ = {isa = PBXFileReference; fileEncoding = 4; lastKnownFileType = sourcecode.swift; path = HtmlView.swift; sourceTree = "<group>"; };
		D7F68D2F2578D83100B119BA /* BuildSong.swift */ = {isa = PBXFileReference; lastKnownFileType = sourcecode.swift; path = BuildSong.swift; sourceTree = "<group>"; };
		D7F68D342578DA8400B119BA /* EditorView.swift */ = {isa = PBXFileReference; lastKnownFileType = sourcecode.swift; path = EditorView.swift; sourceTree = "<group>"; };
		D7F68D3E2579197100B119BA /* style.css */ = {isa = PBXFileReference; lastKnownFileType = text.css; path = style.css; sourceTree = "<group>"; };
		D7FAE60F257D830C009BBDA8 /* ChordsData.swift */ = {isa = PBXFileReference; fileEncoding = 4; lastKnownFileType = sourcecode.swift; path = ChordsData.swift; sourceTree = "<group>"; };
/* End PBXFileReference section */

/* Begin PBXFrameworksBuildPhase section */
		D75929392572280C006DDF24 /* Frameworks */ = {
			isa = PBXFrameworksBuildPhase;
			buildActionMask = 2147483647;
			files = (
				D734A0C825FA3E7D007AB36A /* GuitarChords in Frameworks */,
			);
			runOnlyForDeploymentPostprocessing = 0;
		};
		D75929412572280C006DDF24 /* Frameworks */ = {
			isa = PBXFrameworksBuildPhase;
			buildActionMask = 2147483647;
			files = (
				D7C773B128C87D7900336E76 /* HighlightedTextEditor in Frameworks */,
				D734A0B625F932BD007AB36A /* GuitarChords in Frameworks */,
			);
			runOnlyForDeploymentPostprocessing = 0;
		};
		D7CC242028C8816400316A15 /* Frameworks */ = {
			isa = PBXFrameworksBuildPhase;
			buildActionMask = 2147483647;
			files = (
				D7CC242628C8816400316A15 /* Quartz.framework in Frameworks */,
				D7CC244628C8899A00316A15 /* GuitarChords in Frameworks */,
			);
			runOnlyForDeploymentPostprocessing = 0;
		};
/* End PBXFrameworksBuildPhase section */

/* Begin PBXGroup section */
		D70D71B228C76C0C00AF0022 /* Editor */ = {
			isa = PBXGroup;
			children = (
				D7F68D342578DA8400B119BA /* EditorView.swift */,
				D70D71AB28C75B7100AF0022 /* EditorController.swift */,
				D70D71AD28C75C3600AF0022 /* ChordProFormatter.swift */,
			);
			path = Editor;
			sourceTree = "<group>";
		};
		D759292E2572280B006DDF24 = {
			isa = PBXGroup;
			children = (
				D7667D85273FAFB9002E7DF9 /* Chord Provider */,
				D731FD4E2694938B00558E02 /* .swiftlint.yml */,
				D754B6DB25867274001AE6DD /* README.md */,
				D7667D86273FB0EC002E7DF9 /* Chord Provider.app */,
				D7667D8B273FB7BF002E7DF9 /* Chord Provider.app */,
				D7CC242328C8816400316A15 /* QLExtension (macOS).appex */,
				D7CC242428C8816400316A15 /* Frameworks */,
			);
			sourceTree = "<group>";
		};
		D75929332572280B006DDF24 /* SharedViews */ = {
			isa = PBXGroup;
			children = (
				D7158FDD2573B44B00876B80 /* SongView.swift */,
				D7F68D292578BC8500B119BA /* HtmlView.swift */,
				D734A0AF25F93208007AB36A /* ChordsView.swift */,
				D7B700FF2577A8E3005AEBF6 /* HeaderView.swift */,
			);
			path = SharedViews;
			sourceTree = "<group>";
		};
		D759293E2572280C006DDF24 /* iOS */ = {
			isa = PBXGroup;
			children = (
				D789832928C3A0140044BDD1 /* ChordProviderApp.swift */,
				D7667D89273FB631002E7DF9 /* ContentView.swift */,
				D70D71B328C76C2C00AF0022 /* EditorView.swift */,
				D759293F2572280C006DDF24 /* Info.plist */,
			);
			path = iOS;
			sourceTree = "<group>";
		};
		D75929452572280C006DDF24 /* macOS */ = {
			isa = PBXGroup;
			children = (
				D7CC242728C8816400316A15 /* QLExtension */,
				D70D71B228C76C0C00AF0022 /* Editor */,
				D75929342572280B006DDF24 /* ChordProviderApp.swift */,
				D75929362572280B006DDF24 /* ContentView.swift */,
				D7E79C6E25A212CC00169D0F /* AudioPlayerView.swift */,
				D7BA2B302584FD5E006C272E /* FileBrowserView.swift */,
				D7667D8C273FCFD3002E7DF9 /* FileBrowser.swift */,
				D71DE9FE258A6E88007B513D /* Credits.rtf */,
				D75929462572280C006DDF24 /* Info.plist */,
				D75929472572280C006DDF24 /* macOS.entitlements */,
				D755C4B22589332600208BCC /* ChordProviderHelp.help */,
			);
			path = macOS;
			sourceTree = "<group>";
		};
		D759295A25722FC3006DDF24 /* Parser */ = {
			isa = PBXGroup;
			children = (
				D759295B25723025006DDF24 /* Song.swift */,
				D759295E25723025006DDF24 /* Section.swift */,
				D759296025723025006DDF24 /* Line.swift */,
				D759295F25723025006DDF24 /* Part.swift */,
				D759295D25723025006DDF24 /* Measure.swift */,
				D7CC570D25FBAFC700AD96CA /* Chord.swift */,
				D759295C25723025006DDF24 /* ChordPro.swift */,
				D7F68D2F2578D83100B119BA /* BuildSong.swift */,
			);
			path = Parser;
			sourceTree = "<group>";
		};
		D7667D85273FAFB9002E7DF9 /* Chord Provider */ = {
			isa = PBXGroup;
			children = (
				D7667D87273FB1CF002E7DF9 /* General */,
				D7667D88273FB3B2002E7DF9 /* Extensions */,
				D7F68D3D2579191400B119BA /* WebView */,
				D759295A25722FC3006DDF24 /* Parser */,
				D75929332572280B006DDF24 /* SharedViews */,
				D75929452572280C006DDF24 /* macOS */,
				D759293E2572280C006DDF24 /* iOS */,
			);
			path = "Chord Provider";
			sourceTree = "<group>";
		};
		D7667D87273FB1CF002E7DF9 /* General */ = {
			isa = PBXGroup;
			children = (
				D75929352572280B006DDF24 /* ChordProDocument.swift */,
				D7FAE60F257D830C009BBDA8 /* ChordsData.swift */,
				D70D719B28C6055F00AF0022 /* Debouncer.swift */,
				D75929372572280C006DDF24 /* Assets.xcassets */,
			);
			path = General;
			sourceTree = "<group>";
		};
		D7667D88273FB3B2002E7DF9 /* Extensions */ = {
			isa = PBXGroup;
			children = (
				D734A0BD25F9590D007AB36A /* Color.swift */,
				D70D71AF28C760C300AF0022 /* String.swift */,
			);
			path = Extensions;
			sourceTree = "<group>";
		};
		D7CC242428C8816400316A15 /* Frameworks */ = {
			isa = PBXGroup;
			children = (
				D7CC242528C8816400316A15 /* Quartz.framework */,
				D7ABE7E928C8947200BF709C /* QuickLook.framework */,
			);
			name = Frameworks;
			sourceTree = "<group>";
		};
		D7CC242728C8816400316A15 /* QLExtension */ = {
			isa = PBXGroup;
			children = (
				D7CC242A28C8816400316A15 /* PreviewProvider.swift */,
				D7CC242F28C8816400316A15 /* Info.plist */,
				D7CC243028C8816400316A15 /* QLExtension.entitlements */,
			);
			path = QLExtension;
			sourceTree = "<group>";
		};
		D7F68D3D2579191400B119BA /* WebView */ = {
			isa = PBXGroup;
			children = (
				D7F68D3E2579197100B119BA /* style.css */,
			);
			path = WebView;
			sourceTree = "<group>";
		};
/* End PBXGroup section */

/* Begin PBXNativeTarget section */
		D759293B2572280C006DDF24 /* Chord Provider (iOS) */ = {
			isa = PBXNativeTarget;
			buildConfigurationList = D75929522572280C006DDF24 /* Build configuration list for PBXNativeTarget "Chord Provider (iOS)" */;
			buildPhases = (
				D75929382572280C006DDF24 /* Sources */,
				D75929392572280C006DDF24 /* Frameworks */,
				D759293A2572280C006DDF24 /* Resources */,
				D731FD4C2694914400558E02 /* ShellScript */,
				D7ABE7FA28C8947200BF709C /* Embed Foundation Extensions */,
			);
			buildRules = (
			);
			dependencies = (
			);
			name = "Chord Provider (iOS)";
			packageProductDependencies = (
				D734A0C725FA3E7D007AB36A /* GuitarChords */,
			);
			productName = "Make chords (iOS)";
			productReference = D7667D8B273FB7BF002E7DF9 /* Chord Provider.app */;
			productType = "com.apple.product-type.application";
		};
		D75929432572280C006DDF24 /* Chord Provider (macOS) */ = {
			isa = PBXNativeTarget;
			buildConfigurationList = D75929552572280C006DDF24 /* Build configuration list for PBXNativeTarget "Chord Provider (macOS)" */;
			buildPhases = (
				D75929402572280C006DDF24 /* Sources */,
				D75929412572280C006DDF24 /* Frameworks */,
				D75929422572280C006DDF24 /* Resources */,
				D731FD4D2694915100558E02 /* ShellScript */,
				D7CC243428C8816400316A15 /* Embed Foundation Extensions */,
			);
			buildRules = (
			);
			dependencies = (
				D7CC243228C8816400316A15 /* PBXTargetDependency */,
			);
			name = "Chord Provider (macOS)";
			packageProductDependencies = (
				D734A0B525F932BD007AB36A /* GuitarChords */,
				D7C773B028C87D7900336E76 /* HighlightedTextEditor */,
			);
			productName = "Make chords (macOS)";
			productReference = D7667D86273FB0EC002E7DF9 /* Chord Provider.app */;
			productType = "com.apple.product-type.application";
		};
		D7CC242228C8816400316A15 /* QLExtension (macOS) */ = {
			isa = PBXNativeTarget;
			buildConfigurationList = D7CC243728C8816400316A15 /* Build configuration list for PBXNativeTarget "QLExtension (macOS)" */;
			buildPhases = (
				D7CC241F28C8816400316A15 /* Sources */,
				D7CC242028C8816400316A15 /* Frameworks */,
				D7CC242128C8816400316A15 /* Resources */,
			);
			buildRules = (
			);
			dependencies = (
			);
			name = "QLExtension (macOS)";
			packageProductDependencies = (
				D7CC244528C8899A00316A15 /* GuitarChords */,
			);
			productName = QLExtension;
			productReference = D7CC242328C8816400316A15 /* QLExtension (macOS).appex */;
			productType = "com.apple.product-type.app-extension";
		};
/* End PBXNativeTarget section */

/* Begin PBXProject section */
		D759292F2572280B006DDF24 /* Project object */ = {
			isa = PBXProject;
			attributes = {
				LastSwiftUpdateCheck = 1400;
				LastUpgradeCheck = 1400;
				TargetAttributes = {
					D759293B2572280C006DDF24 = {
						CreatedOnToolsVersion = 12.2;
					};
					D75929432572280C006DDF24 = {
						CreatedOnToolsVersion = 12.2;
					};
					D7CC242228C8816400316A15 = {
						CreatedOnToolsVersion = 14.0;
					};
				};
			};
			buildConfigurationList = D75929322572280B006DDF24 /* Build configuration list for PBXProject "Chord Provider" */;
			compatibilityVersion = "Xcode 9.3";
			developmentRegion = en;
			hasScannedForEncodings = 0;
			knownRegions = (
				en,
				Base,
			);
			mainGroup = D759292E2572280B006DDF24;
			packageReferences = (
				D734A0B425F932BD007AB36A /* XCRemoteSwiftPackageReference "SwiftyGuitarChords" */,
				D7C773AF28C87D7900336E76 /* XCRemoteSwiftPackageReference "HighlightedTextEditor" */,
			);
			productRefGroup = D759292E2572280B006DDF24;
			projectDirPath = "";
			projectRoot = "";
			targets = (
				D75929432572280C006DDF24 /* Chord Provider (macOS) */,
				D759293B2572280C006DDF24 /* Chord Provider (iOS) */,
				D7CC242228C8816400316A15 /* QLExtension (macOS) */,
			);
		};
/* End PBXProject section */

/* Begin PBXResourcesBuildPhase section */
		D759293A2572280C006DDF24 /* Resources */ = {
			isa = PBXResourcesBuildPhase;
			buildActionMask = 2147483647;
			files = (
				D759294E2572280C006DDF24 /* Assets.xcassets in Resources */,
				D7F68D3F2579197100B119BA /* style.css in Resources */,
			);
			runOnlyForDeploymentPostprocessing = 0;
		};
		D75929422572280C006DDF24 /* Resources */ = {
			isa = PBXResourcesBuildPhase;
			buildActionMask = 2147483647;
			files = (
				D71DE9FF258A6E88007B513D /* Credits.rtf in Resources */,
				D755C4B32589332600208BCC /* ChordProviderHelp.help in Resources */,
				D759294F2572280C006DDF24 /* Assets.xcassets in Resources */,
				D7F68D402579197100B119BA /* style.css in Resources */,
			);
			runOnlyForDeploymentPostprocessing = 0;
		};
		D7CC242128C8816400316A15 /* Resources */ = {
			isa = PBXResourcesBuildPhase;
			buildActionMask = 2147483647;
			files = (
				D7CC244328C8895E00316A15 /* Assets.xcassets in Resources */,
				D7CC244728C889CB00316A15 /* style.css in Resources */,
			);
			runOnlyForDeploymentPostprocessing = 0;
		};
/* End PBXResourcesBuildPhase section */

/* Begin PBXShellScriptBuildPhase section */
		D731FD4C2694914400558E02 /* ShellScript */ = {
			isa = PBXShellScriptBuildPhase;
			alwaysOutOfDate = 1;
			buildActionMask = 2147483647;
			files = (
			);
			inputFileListPaths = (
			);
			inputPaths = (
			);
			outputFileListPaths = (
			);
			outputPaths = (
			);
			runOnlyForDeploymentPostprocessing = 0;
			shellPath = /bin/sh;
			shellScript = "if which /opt/homebrew/bin/swiftlint >/dev/null; then\n  # swiftlint --enable-all-rules\n  # swiftlint autocorrect\n  /opt/homebrew/bin/swiftlint\nelse\n  echo \"warning: SwiftLint not installed, download from https://github.com/realm/SwiftLint\"\nfi\n";
		};
		D731FD4D2694915100558E02 /* ShellScript */ = {
			isa = PBXShellScriptBuildPhase;
			alwaysOutOfDate = 1;
			buildActionMask = 2147483647;
			files = (
			);
			inputFileListPaths = (
			);
			inputPaths = (
			);
			outputFileListPaths = (
			);
			outputPaths = (
			);
			runOnlyForDeploymentPostprocessing = 0;
			shellPath = /bin/sh;
			shellScript = "if which /opt/homebrew/bin/swiftlint >/dev/null; then\n  # swiftlint --enable-all-rules\n  # swiftlint autocorrect\n  /opt/homebrew/bin/swiftlint\nelse\n  echo \"warning: SwiftLint not installed, download from https://github.com/realm/SwiftLint\"\nfi\n";
		};
/* End PBXShellScriptBuildPhase section */

/* Begin PBXSourcesBuildPhase section */
		D75929382572280C006DDF24 /* Sources */ = {
			isa = PBXSourcesBuildPhase;
			buildActionMask = 2147483647;
			files = (
				D7CC570E25FBAFC700AD96CA /* Chord.swift in Sources */,
				D759296125723025006DDF24 /* Song.swift in Sources */,
				D70D71B028C760C300AF0022 /* String.swift in Sources */,
				D70D71B428C76C2C00AF0022 /* EditorView.swift in Sources */,
				D70D719C28C6055F00AF0022 /* Debouncer.swift in Sources */,
				D734A0BE25F9590D007AB36A /* Color.swift in Sources */,
				D759296525723025006DDF24 /* Measure.swift in Sources */,
				D7667D8A273FB631002E7DF9 /* ContentView.swift in Sources */,
				D759296725723025006DDF24 /* Section.swift in Sources */,
				D759296925723025006DDF24 /* Part.swift in Sources */,
				D759296325723025006DDF24 /* ChordPro.swift in Sources */,
				D7158FE12573CC2700876B80 /* SongView.swift in Sources */,
				D7F68D302578D83100B119BA /* BuildSong.swift in Sources */,
				D789832A28C3A0150044BDD1 /* ChordProviderApp.swift in Sources */,
				D7B701002577A8E3005AEBF6 /* HeaderView.swift in Sources */,
				D7FAE616257D830C009BBDA8 /* ChordsData.swift in Sources */,
				D759296B25723025006DDF24 /* Line.swift in Sources */,
				D70D719E28C60E3600AF0022 /* HtmlView.swift in Sources */,
				D734A0B025F93208007AB36A /* ChordsView.swift in Sources */,
				D759294A2572280C006DDF24 /* ChordProDocument.swift in Sources */,
			);
			runOnlyForDeploymentPostprocessing = 0;
		};
		D75929402572280C006DDF24 /* Sources */ = {
			isa = PBXSourcesBuildPhase;
			buildActionMask = 2147483647;
			files = (
				D759296225723025006DDF24 /* Song.swift in Sources */,
				D75929492572280C006DDF24 /* ChordProviderApp.swift in Sources */,
				D759296625723025006DDF24 /* Measure.swift in Sources */,
				D7F68D2A2578BC8500B119BA /* HtmlView.swift in Sources */,
				D70D71AC28C75B7100AF0022 /* EditorController.swift in Sources */,
				D7BA2B312584FD5E006C272E /* FileBrowserView.swift in Sources */,
				D759296825723025006DDF24 /* Section.swift in Sources */,
				D7CC570F25FBAFC700AD96CA /* Chord.swift in Sources */,
				D7667D8E273FD042002E7DF9 /* FileBrowser.swift in Sources */,
				D734A0B125F93208007AB36A /* ChordsView.swift in Sources */,
				D70D719D28C6055F00AF0022 /* Debouncer.swift in Sources */,
				D7E79C6F25A212CC00169D0F /* AudioPlayerView.swift in Sources */,
				D759296A25723025006DDF24 /* Part.swift in Sources */,
				D70D71B128C760C300AF0022 /* String.swift in Sources */,
				D759296425723025006DDF24 /* ChordPro.swift in Sources */,
				D7FAE64F257E189A009BBDA8 /* ChordsData.swift in Sources */,
				D734A0BF25F9590D007AB36A /* Color.swift in Sources */,
				D7158FDE2573B44B00876B80 /* SongView.swift in Sources */,
				D70D71AE28C75C3600AF0022 /* ChordProFormatter.swift in Sources */,
				D7B701012577A8E3005AEBF6 /* HeaderView.swift in Sources */,
				D759296C25723025006DDF24 /* Line.swift in Sources */,
				D7F68D312578D83100B119BA /* BuildSong.swift in Sources */,
				D7F68D362578DA8400B119BA /* EditorView.swift in Sources */,
				D759294B2572280C006DDF24 /* ChordProDocument.swift in Sources */,
				D759294D2572280C006DDF24 /* ContentView.swift in Sources */,
			);
			runOnlyForDeploymentPostprocessing = 0;
		};
		D7CC241F28C8816400316A15 /* Sources */ = {
			isa = PBXSourcesBuildPhase;
			buildActionMask = 2147483647;
			files = (
				D7CC243B28C8867100316A15 /* Section.swift in Sources */,
				D7CC243A28C8866E00316A15 /* Song.swift in Sources */,
				D7CC243E28C8867D00316A15 /* Measure.swift in Sources */,
				D7CC244028C8868600316A15 /* BuildSong.swift in Sources */,
				D7CC244428C8896300316A15 /* Color.swift in Sources */,
				D7CC243D28C8867800316A15 /* Part.swift in Sources */,
				D7CC243928C8866200316A15 /* ChordPro.swift in Sources */,
				D7CC243C28C8867500316A15 /* Line.swift in Sources */,
				D7CC243F28C8868000316A15 /* Chord.swift in Sources */,
				D7CC242B28C8816400316A15 /* PreviewProvider.swift in Sources */,
			);
			runOnlyForDeploymentPostprocessing = 0;
		};
/* End PBXSourcesBuildPhase section */

/* Begin PBXTargetDependency section */
		D7CC243228C8816400316A15 /* PBXTargetDependency */ = {
			isa = PBXTargetDependency;
			target = D7CC242228C8816400316A15 /* QLExtension (macOS) */;
			targetProxy = D7CC243128C8816400316A15 /* PBXContainerItemProxy */;
		};
/* End PBXTargetDependency section */

/* Begin XCBuildConfiguration section */
		D75929502572280C006DDF24 /* Debug */ = {
			isa = XCBuildConfiguration;
			buildSettings = {
				ALWAYS_SEARCH_USER_PATHS = NO;
				CLANG_ANALYZER_NONNULL = YES;
				CLANG_ANALYZER_NUMBER_OBJECT_CONVERSION = YES_AGGRESSIVE;
				CLANG_CXX_LANGUAGE_STANDARD = "gnu++14";
				CLANG_CXX_LIBRARY = "libc++";
				CLANG_ENABLE_MODULES = YES;
				CLANG_ENABLE_OBJC_ARC = YES;
				CLANG_ENABLE_OBJC_WEAK = YES;
				CLANG_WARN_BLOCK_CAPTURE_AUTORELEASING = YES;
				CLANG_WARN_BOOL_CONVERSION = YES;
				CLANG_WARN_COMMA = YES;
				CLANG_WARN_CONSTANT_CONVERSION = YES;
				CLANG_WARN_DEPRECATED_OBJC_IMPLEMENTATIONS = YES;
				CLANG_WARN_DIRECT_OBJC_ISA_USAGE = YES_ERROR;
				CLANG_WARN_DOCUMENTATION_COMMENTS = YES;
				CLANG_WARN_EMPTY_BODY = YES;
				CLANG_WARN_ENUM_CONVERSION = YES;
				CLANG_WARN_INFINITE_RECURSION = YES;
				CLANG_WARN_INT_CONVERSION = YES;
				CLANG_WARN_NON_LITERAL_NULL_CONVERSION = YES;
				CLANG_WARN_OBJC_IMPLICIT_RETAIN_SELF = YES;
				CLANG_WARN_OBJC_LITERAL_CONVERSION = YES;
				CLANG_WARN_OBJC_ROOT_CLASS = YES_ERROR;
				CLANG_WARN_QUOTED_INCLUDE_IN_FRAMEWORK_HEADER = YES;
				CLANG_WARN_RANGE_LOOP_ANALYSIS = YES;
				CLANG_WARN_STRICT_PROTOTYPES = YES;
				CLANG_WARN_SUSPICIOUS_MOVE = YES;
				CLANG_WARN_UNGUARDED_AVAILABILITY = YES_AGGRESSIVE;
				CLANG_WARN_UNREACHABLE_CODE = YES;
				CLANG_WARN__DUPLICATE_METHOD_MATCH = YES;
				COPY_PHASE_STRIP = NO;
				DEAD_CODE_STRIPPING = YES;
				DEBUG_INFORMATION_FORMAT = dwarf;
				ENABLE_STRICT_OBJC_MSGSEND = YES;
				ENABLE_TESTABILITY = YES;
				GCC_C_LANGUAGE_STANDARD = gnu11;
				GCC_DYNAMIC_NO_PIC = NO;
				GCC_NO_COMMON_BLOCKS = YES;
				GCC_OPTIMIZATION_LEVEL = 0;
				GCC_PREPROCESSOR_DEFINITIONS = (
					"DEBUG=1",
					"$(inherited)",
				);
				GCC_WARN_64_TO_32_BIT_CONVERSION = YES;
				GCC_WARN_ABOUT_RETURN_TYPE = YES_ERROR;
				GCC_WARN_UNDECLARED_SELECTOR = YES;
				GCC_WARN_UNINITIALIZED_AUTOS = YES_AGGRESSIVE;
				GCC_WARN_UNUSED_FUNCTION = YES;
				GCC_WARN_UNUSED_VARIABLE = YES;
				MTL_ENABLE_DEBUG_INFO = INCLUDE_SOURCE;
				MTL_FAST_MATH = YES;
				ONLY_ACTIVE_ARCH = YES;
				SWIFT_ACTIVE_COMPILATION_CONDITIONS = DEBUG;
				SWIFT_OPTIMIZATION_LEVEL = "-Onone";
			};
			name = Debug;
		};
		D75929512572280C006DDF24 /* Release */ = {
			isa = XCBuildConfiguration;
			buildSettings = {
				ALWAYS_SEARCH_USER_PATHS = NO;
				CLANG_ANALYZER_NONNULL = YES;
				CLANG_ANALYZER_NUMBER_OBJECT_CONVERSION = YES_AGGRESSIVE;
				CLANG_CXX_LANGUAGE_STANDARD = "gnu++14";
				CLANG_CXX_LIBRARY = "libc++";
				CLANG_ENABLE_MODULES = YES;
				CLANG_ENABLE_OBJC_ARC = YES;
				CLANG_ENABLE_OBJC_WEAK = YES;
				CLANG_WARN_BLOCK_CAPTURE_AUTORELEASING = YES;
				CLANG_WARN_BOOL_CONVERSION = YES;
				CLANG_WARN_COMMA = YES;
				CLANG_WARN_CONSTANT_CONVERSION = YES;
				CLANG_WARN_DEPRECATED_OBJC_IMPLEMENTATIONS = YES;
				CLANG_WARN_DIRECT_OBJC_ISA_USAGE = YES_ERROR;
				CLANG_WARN_DOCUMENTATION_COMMENTS = YES;
				CLANG_WARN_EMPTY_BODY = YES;
				CLANG_WARN_ENUM_CONVERSION = YES;
				CLANG_WARN_INFINITE_RECURSION = YES;
				CLANG_WARN_INT_CONVERSION = YES;
				CLANG_WARN_NON_LITERAL_NULL_CONVERSION = YES;
				CLANG_WARN_OBJC_IMPLICIT_RETAIN_SELF = YES;
				CLANG_WARN_OBJC_LITERAL_CONVERSION = YES;
				CLANG_WARN_OBJC_ROOT_CLASS = YES_ERROR;
				CLANG_WARN_QUOTED_INCLUDE_IN_FRAMEWORK_HEADER = YES;
				CLANG_WARN_RANGE_LOOP_ANALYSIS = YES;
				CLANG_WARN_STRICT_PROTOTYPES = YES;
				CLANG_WARN_SUSPICIOUS_MOVE = YES;
				CLANG_WARN_UNGUARDED_AVAILABILITY = YES_AGGRESSIVE;
				CLANG_WARN_UNREACHABLE_CODE = YES;
				CLANG_WARN__DUPLICATE_METHOD_MATCH = YES;
				COPY_PHASE_STRIP = NO;
				DEAD_CODE_STRIPPING = YES;
				DEBUG_INFORMATION_FORMAT = "dwarf-with-dsym";
				ENABLE_NS_ASSERTIONS = NO;
				ENABLE_STRICT_OBJC_MSGSEND = YES;
				GCC_C_LANGUAGE_STANDARD = gnu11;
				GCC_NO_COMMON_BLOCKS = YES;
				GCC_WARN_64_TO_32_BIT_CONVERSION = YES;
				GCC_WARN_ABOUT_RETURN_TYPE = YES_ERROR;
				GCC_WARN_UNDECLARED_SELECTOR = YES;
				GCC_WARN_UNINITIALIZED_AUTOS = YES_AGGRESSIVE;
				GCC_WARN_UNUSED_FUNCTION = YES;
				GCC_WARN_UNUSED_VARIABLE = YES;
				MTL_ENABLE_DEBUG_INFO = NO;
				MTL_FAST_MATH = YES;
				SWIFT_COMPILATION_MODE = wholemodule;
				SWIFT_OPTIMIZATION_LEVEL = "-O";
			};
			name = Release;
		};
		D75929532572280C006DDF24 /* Debug */ = {
			isa = XCBuildConfiguration;
			buildSettings = {
				ALWAYS_EMBED_SWIFT_STANDARD_LIBRARIES = YES;
				ASSETCATALOG_COMPILER_APPICON_NAME = AppIcon;
				ASSETCATALOG_COMPILER_GLOBAL_ACCENT_COLOR_NAME = AccentColor;
				CODE_SIGN_IDENTITY = "Apple Development";
				CODE_SIGN_STYLE = Automatic;
				CURRENT_PROJECT_VERSION = "github: main";
				DEVELOPMENT_TEAM = FHPCJ7396C;
				ENABLE_PREVIEWS = YES;
				INFOPLIST_FILE = "Chord Provider/iOS/Info.plist";
				INFOPLIST_KEY_LSApplicationCategoryType = "public.app-category.music";
				IPHONEOS_DEPLOYMENT_TARGET = 16.0;
				LD_RUNPATH_SEARCH_PATHS = (
					"$(inherited)",
					"@executable_path/Frameworks",
				);
				PRODUCT_BUNDLE_IDENTIFIER = "nl.desbeers.Chord-Provider.ios";
				PRODUCT_NAME = "Chord Provider";
				PROVISIONING_PROFILE_SPECIFIER = "";
				SDKROOT = iphoneos;
				SUPPORTED_PLATFORMS = "iphoneos iphonesimulator";
				SUPPORTS_MACCATALYST = NO;
				SUPPORTS_MAC_DESIGNED_FOR_IPHONE_IPAD = NO;
				SWIFT_VERSION = 5.0;
				TARGETED_DEVICE_FAMILY = "1,2";
			};
			name = Debug;
		};
		D75929542572280C006DDF24 /* Release */ = {
			isa = XCBuildConfiguration;
			buildSettings = {
				ALWAYS_EMBED_SWIFT_STANDARD_LIBRARIES = YES;
				ASSETCATALOG_COMPILER_APPICON_NAME = AppIcon;
				ASSETCATALOG_COMPILER_GLOBAL_ACCENT_COLOR_NAME = AccentColor;
				CODE_SIGN_IDENTITY = "Apple Development";
				CODE_SIGN_STYLE = Automatic;
				CURRENT_PROJECT_VERSION = "github: main";
				DEVELOPMENT_TEAM = FHPCJ7396C;
				ENABLE_PREVIEWS = YES;
				INFOPLIST_FILE = "Chord Provider/iOS/Info.plist";
				INFOPLIST_KEY_LSApplicationCategoryType = "public.app-category.music";
				IPHONEOS_DEPLOYMENT_TARGET = 16.0;
				LD_RUNPATH_SEARCH_PATHS = (
					"$(inherited)",
					"@executable_path/Frameworks",
				);
				PRODUCT_BUNDLE_IDENTIFIER = "nl.desbeers.Chord-Provider.ios";
				PRODUCT_NAME = "Chord Provider";
				PROVISIONING_PROFILE_SPECIFIER = "";
				SDKROOT = iphoneos;
				SUPPORTED_PLATFORMS = "iphoneos iphonesimulator";
				SUPPORTS_MACCATALYST = NO;
				SUPPORTS_MAC_DESIGNED_FOR_IPHONE_IPAD = NO;
				SWIFT_VERSION = 5.0;
				TARGETED_DEVICE_FAMILY = "1,2";
				VALIDATE_PRODUCT = YES;
			};
			name = Release;
		};
		D75929562572280C006DDF24 /* Debug */ = {
			isa = XCBuildConfiguration;
			buildSettings = {
				ALWAYS_EMBED_SWIFT_STANDARD_LIBRARIES = YES;
				ASSETCATALOG_COMPILER_APPICON_NAME = AppIcon;
				ASSETCATALOG_COMPILER_GLOBAL_ACCENT_COLOR_NAME = AccentColor;
				CODE_SIGN_ENTITLEMENTS = "Chord Provider/macOS/macOS.entitlements";
				CODE_SIGN_IDENTITY = "Apple Development";
				CODE_SIGN_STYLE = Automatic;
				COMBINE_HIDPI_IMAGES = YES;
				CURRENT_PROJECT_VERSION = "github: main";
				DEAD_CODE_STRIPPING = YES;
				DEVELOPMENT_TEAM = FHPCJ7396C;
				ENABLE_HARDENED_RUNTIME = YES;
				ENABLE_PREVIEWS = YES;
				INFOPLIST_FILE = "Chord Provider/macOS/Info.plist";
				INFOPLIST_KEY_LSApplicationCategoryType = "public.app-category.music";
				LD_RUNPATH_SEARCH_PATHS = (
					"$(inherited)",
					"@executable_path/../Frameworks",
				);
				MACOSX_DEPLOYMENT_TARGET = 13.0;
				PRODUCT_BUNDLE_IDENTIFIER = "nl.desbeers.Chord-Provider.macos";
				PRODUCT_NAME = "Chord Provider";
				SDKROOT = macosx;
				SWIFT_VERSION = 5.0;
			};
			name = Debug;
		};
		D75929572572280C006DDF24 /* Release */ = {
			isa = XCBuildConfiguration;
			buildSettings = {
				ALWAYS_EMBED_SWIFT_STANDARD_LIBRARIES = YES;
				ASSETCATALOG_COMPILER_APPICON_NAME = AppIcon;
				ASSETCATALOG_COMPILER_GLOBAL_ACCENT_COLOR_NAME = AccentColor;
				CODE_SIGN_ENTITLEMENTS = "Chord Provider/macOS/macOS.entitlements";
				CODE_SIGN_IDENTITY = "-";
				CODE_SIGN_STYLE = Automatic;
				COMBINE_HIDPI_IMAGES = YES;
				CURRENT_PROJECT_VERSION = "github: main";
				DEAD_CODE_STRIPPING = YES;
				DEVELOPMENT_TEAM = FHPCJ7396C;
				ENABLE_HARDENED_RUNTIME = YES;
				ENABLE_PREVIEWS = YES;
				INFOPLIST_FILE = "Chord Provider/macOS/Info.plist";
				INFOPLIST_KEY_LSApplicationCategoryType = "public.app-category.music";
				LD_RUNPATH_SEARCH_PATHS = (
					"$(inherited)",
					"@executable_path/../Frameworks",
				);
				MACOSX_DEPLOYMENT_TARGET = 13.0;
				PRODUCT_BUNDLE_IDENTIFIER = "nl.desbeers.Chord-Provider.macos";
				PRODUCT_NAME = "Chord Provider";
				SDKROOT = macosx;
				SWIFT_VERSION = 5.0;
			};
			name = Release;
		};
		D7CC243528C8816400316A15 /* Debug */ = {
			isa = XCBuildConfiguration;
			buildSettings = {
				CLANG_CXX_LANGUAGE_STANDARD = "gnu++20";
				CODE_SIGN_ENTITLEMENTS = "Chord Provider/macOS/QLExtension/QLExtension.entitlements";
				CODE_SIGN_IDENTITY = "Apple Development";
				CODE_SIGN_STYLE = Automatic;
				CURRENT_PROJECT_VERSION = 1;
				DEVELOPMENT_TEAM = FHPCJ7396C;
				ENABLE_HARDENED_RUNTIME = YES;
				GENERATE_INFOPLIST_FILE = YES;
				INFOPLIST_FILE = "Chord Provider/macOS/QLExtension/Info.plist";
				INFOPLIST_KEY_CFBundleDisplayName = QLExtension;
				INFOPLIST_KEY_NSHumanReadableCopyright = "";
				LD_RUNPATH_SEARCH_PATHS = (
					"$(inherited)",
					"@executable_path/../Frameworks",
					"@executable_path/../../../../Frameworks",
				);
				MACOSX_DEPLOYMENT_TARGET = 13.0;
				MARKETING_VERSION = 1.0;
				PRODUCT_BUNDLE_IDENTIFIER = "nl.desbeers.Chord-Provider.macos.QLExtension";
				PRODUCT_NAME = "$(TARGET_NAME)";
				SDKROOT = macosx;
				SKIP_INSTALL = YES;
				SWIFT_EMIT_LOC_STRINGS = YES;
				SWIFT_VERSION = 5.0;
			};
			name = Debug;
		};
		D7CC243628C8816400316A15 /* Release */ = {
			isa = XCBuildConfiguration;
			buildSettings = {
				CLANG_CXX_LANGUAGE_STANDARD = "gnu++20";
				CODE_SIGN_ENTITLEMENTS = "Chord Provider/macOS/QLExtension/QLExtension.entitlements";
				CODE_SIGN_IDENTITY = "-";
				CODE_SIGN_STYLE = Automatic;
				CURRENT_PROJECT_VERSION = 1;
				DEVELOPMENT_TEAM = FHPCJ7396C;
				ENABLE_HARDENED_RUNTIME = YES;
				GENERATE_INFOPLIST_FILE = YES;
				INFOPLIST_FILE = "Chord Provider/macOS/QLExtension/Info.plist";
				INFOPLIST_KEY_CFBundleDisplayName = QLExtension;
				INFOPLIST_KEY_NSHumanReadableCopyright = "";
				LD_RUNPATH_SEARCH_PATHS = (
					"$(inherited)",
					"@executable_path/../Frameworks",
					"@executable_path/../../../../Frameworks",
				);
				MACOSX_DEPLOYMENT_TARGET = 13.0;
				MARKETING_VERSION = 1.0;
				PRODUCT_BUNDLE_IDENTIFIER = "nl.desbeers.Chord-Provider.macos.QLExtension";
				PRODUCT_NAME = "$(TARGET_NAME)";
				SDKROOT = macosx;
				SKIP_INSTALL = YES;
				SWIFT_EMIT_LOC_STRINGS = YES;
				SWIFT_VERSION = 5.0;
			};
			name = Release;
		};
/* End XCBuildConfiguration section */

/* Begin XCConfigurationList section */
		D75929322572280B006DDF24 /* Build configuration list for PBXProject "Chord Provider" */ = {
			isa = XCConfigurationList;
			buildConfigurations = (
				D75929502572280C006DDF24 /* Debug */,
				D75929512572280C006DDF24 /* Release */,
			);
			defaultConfigurationIsVisible = 0;
			defaultConfigurationName = Release;
		};
		D75929522572280C006DDF24 /* Build configuration list for PBXNativeTarget "Chord Provider (iOS)" */ = {
			isa = XCConfigurationList;
			buildConfigurations = (
				D75929532572280C006DDF24 /* Debug */,
				D75929542572280C006DDF24 /* Release */,
			);
			defaultConfigurationIsVisible = 0;
			defaultConfigurationName = Release;
		};
		D75929552572280C006DDF24 /* Build configuration list for PBXNativeTarget "Chord Provider (macOS)" */ = {
			isa = XCConfigurationList;
			buildConfigurations = (
				D75929562572280C006DDF24 /* Debug */,
				D75929572572280C006DDF24 /* Release */,
			);
			defaultConfigurationIsVisible = 0;
			defaultConfigurationName = Release;
		};
		D7CC243728C8816400316A15 /* Build configuration list for PBXNativeTarget "QLExtension (macOS)" */ = {
			isa = XCConfigurationList;
			buildConfigurations = (
				D7CC243528C8816400316A15 /* Debug */,
				D7CC243628C8816400316A15 /* Release */,
			);
			defaultConfigurationIsVisible = 0;
			defaultConfigurationName = Release;
		};
/* End XCConfigurationList section */

/* Begin XCRemoteSwiftPackageReference section */
		D734A0B425F932BD007AB36A /* XCRemoteSwiftPackageReference "SwiftyGuitarChords" */ = {
			isa = XCRemoteSwiftPackageReference;
			repositoryURL = "https://github.com/BeauNouvelle/SwiftyGuitarChords";
			requirement = {
				branch = main;
				kind = branch;
			};
		};
		D7C773AF28C87D7900336E76 /* XCRemoteSwiftPackageReference "HighlightedTextEditor" */ = {
			isa = XCRemoteSwiftPackageReference;
			repositoryURL = "https://github.com/kyle-n/HighlightedTextEditor";
			requirement = {
				branch = main;
				kind = branch;
			};
		};
/* End XCRemoteSwiftPackageReference section */

/* Begin XCSwiftPackageProductDependency section */
		D734A0B525F932BD007AB36A /* GuitarChords */ = {
			isa = XCSwiftPackageProductDependency;
			package = D734A0B425F932BD007AB36A /* XCRemoteSwiftPackageReference "SwiftyGuitarChords" */;
			productName = GuitarChords;
		};
		D734A0C725FA3E7D007AB36A /* GuitarChords */ = {
			isa = XCSwiftPackageProductDependency;
			package = D734A0B425F932BD007AB36A /* XCRemoteSwiftPackageReference "SwiftyGuitarChords" */;
			productName = GuitarChords;
		};
		D7C773B028C87D7900336E76 /* HighlightedTextEditor */ = {
			isa = XCSwiftPackageProductDependency;
			package = D7C773AF28C87D7900336E76 /* XCRemoteSwiftPackageReference "HighlightedTextEditor" */;
			productName = HighlightedTextEditor;
		};
		D7CC244528C8899A00316A15 /* GuitarChords */ = {
			isa = XCSwiftPackageProductDependency;
			package = D734A0B425F932BD007AB36A /* XCRemoteSwiftPackageReference "SwiftyGuitarChords" */;
			productName = GuitarChords;
		};
/* End XCSwiftPackageProductDependency section */
	};
	rootObject = D759292F2572280B006DDF24 /* Project object */;
}
