{
  "originHash" : "8376efbcb1c614f4d8679690c47684141691e2ee0ce7d4c0af3251a77e1aa04d",
  "pins" : [
    {
      "identity" : "swiftlyalertmessage",
      "kind" : "remoteSourceControl",
      "location" : "https://github.com/Desbeers/SwiftlyAlertMessage",
      "state" : {
        "branch" : "main",
        "revision" : "a44b877b34ddfd0093a38c575c73261d7944493b"
      }
    },
    {
      "identity" : "swiftlychordutilities",
      "kind" : "remoteSourceControl",
      "location" : "https://github.com/Desbeers/SwiftlyChordUtilities",
      "state" : {
        "branch" : "main",
        "revision" : "db371dffc84a7529f70d4db5083ad1d7081fbf8d"
      }
    },
    {
      "identity" : "swiftlyfolderutilities",
      "kind" : "remoteSourceControl",
      "location" : "https://github.com/Desbeers/SwiftlyFolderUtilities",
      "state" : {
        "branch" : "main",
        "revision" : "8bb07181057eddb502c1819c8350bf904603b049"
      }
    },
    {
      "identity" : "swiftlystructcache",
      "kind" : "remoteSourceControl",
      "location" : "https://github.com/Desbeers/SwiftlyStructCache",
      "state" : {
        "branch" : "main",
        "revision" : "e9b371734411f18e98982944ad213756b7f891fb"
      }
    }
  ],
  "version" : 3
}
