{
  "originHash" : "a1a30049151505f7de4b259e625eb47b31c2ad9360ea02e8a788f6c711680e0a",
  "pins" : [
    {
      "identity" : "swiftlychordutilities",
      "kind" : "remoteSourceControl",
      "location" : "https://github.com/Desbeers/SwiftlyChordUtilities",
      "state" : {
        "branch" : "main",
        "revision" : "2146e453878b68486e5addbaf688adf01316aa1b"
      }
    }
  ],
  "version" : 3
}
