{
  "originHash" : "8376efbcb1c614f4d8679690c47684141691e2ee0ce7d4c0af3251a77e1aa04d",
  "pins" : [
    {
      "identity" : "swiftlyalertmessage",
      "kind" : "remoteSourceControl",
      "location" : "https://github.com/Desbeers/SwiftlyAlertMessage",
      "state" : {
        "branch" : "main",
        "revision" : "4480dd40088d7883a501a32e39d66874ea2c1309"
      }
    },
    {
      "identity" : "swiftlychordutilities",
      "kind" : "remoteSourceControl",
      "location" : "https://github.com/Desbeers/SwiftlyChordUtilities",
      "state" : {
        "branch" : "main",
        "revision" : "d2d5988a51a9e048f4d1c7395dc21442768f93ff"
      }
    },
    {
      "identity" : "swiftlyfolderutilities",
      "kind" : "remoteSourceControl",
      "location" : "https://github.com/Desbeers/SwiftlyFolderUtilities",
      "state" : {
        "branch" : "main",
        "revision" : "0e2a529017e50d20593b7e2ada6d1505ff939f46"
      }
    },
    {
      "identity" : "swiftlystructcache",
      "kind" : "remoteSourceControl",
      "location" : "https://github.com/Desbeers/SwiftlyStructCache",
      "state" : {
        "branch" : "main",
        "revision" : "96346529ca304eeed2412a8140ca2661f162115c"
      }
    }
  ],
  "version" : 3
}
