{
  "originHash" : "37a77a76c3474d089687b24b5e6c8efe33a9e28c41883f56bb714850112f4d06",
  "pins" : [
    {
      "identity" : "adwaita-swift",
      "kind" : "remoteSourceControl",
      "location" : "https://git.aparoksha.dev/aparoksha/adwaita-swift",
      "state" : {
        "branch" : "main",
        "revision" : "c8ce2cc2fe4979e9905cc4ae7d13fa7b6c3a16a1"
      }
    },
    {
      "identity" : "levenshtein-transformations",
      "kind" : "remoteSourceControl",
      "location" : "https://git.aparoksha.dev/aparoksha/levenshtein-transformations",
      "state" : {
        "branch" : "main",
        "revision" : "24f7840b9b244dd361696783c30fbc56c137e06a"
      }
    },
    {
      "identity" : "meta",
      "kind" : "remoteSourceControl",
      "location" : "https://git.aparoksha.dev/aparoksha/meta",
      "state" : {
        "branch" : "main",
        "revision" : "3b2f8f926cb255ddcb8da7b21f6456d3a489340a"
      }
    },
    {
      "identity" : "meta-sqlite",
      "kind" : "remoteSourceControl",
      "location" : "https://git.aparoksha.dev/aparoksha/meta-sqlite",
      "state" : {
        "revision" : "cd48784024e43db8f1ac32572b052ed388dd9c42",
        "version" : "0.1.0"
      }
    },
    {
      "identity" : "sqlite.swift",
      "kind" : "remoteSourceControl",
      "location" : "https://github.com/stephencelis/SQLite.swift",
      "state" : {
        "revision" : "392dd6058624d9f6c5b4c769d165ddd8c7293394",
        "version" : "0.15.4"
      }
    },
    {
      "identity" : "swift-toolchain-sqlite",
      "kind" : "remoteSourceControl",
      "location" : "https://github.com/swiftlang/swift-toolchain-sqlite",
      "state" : {
        "revision" : "b626d3002773b1a1304166643e7f118f724b2132",
        "version" : "1.0.4"
      }
    }
  ],
  "version" : 3
}
